// !$*UTF8*$!
{
	archiveVersion = 1;
	classes = {
	};
	objectVersion = 56;
	objects = {

/* Begin PBXBuildFile section */
		C20AB6E12CD28F2E002DBA8E /* PoastLikesFeedViewModel.swift in Sources */ = {isa = PBXBuildFile; fileRef = C20AB6E02CD28F25002DBA8E /* PoastLikesFeedViewModel.swift */; };
		C21BC8722CCD4541002B54BE /* PoastThreadMuteInteractionModel.swift in Sources */ = {isa = PBXBuildFile; fileRef = C21BC8712CCD4536002B54BE /* PoastThreadMuteInteractionModel.swift */; };
		C21BC8742CCD5370002B54BE /* PoastThreadMuteModel.swift in Sources */ = {isa = PBXBuildFile; fileRef = C21BC8732CCD536B002B54BE /* PoastThreadMuteModel.swift */; };
		C21BC8772CD0B597002B54BE /* PoastAvatarView.swift in Sources */ = {isa = PBXBuildFile; fileRef = C21BC8752CD0B597002B54BE /* PoastAvatarView.swift */; };
		C2222C622A8421E7000C7C45 /* PoastProfileViewModel.swift in Sources */ = {isa = PBXBuildFile; fileRef = C2222C612A8421E7000C7C45 /* PoastProfileViewModel.swift */; };
		C2222C642A842601000C7C45 /* PoastProfileView.swift in Sources */ = {isa = PBXBuildFile; fileRef = C2222C632A842601000C7C45 /* PoastProfileView.swift */; };
		C229D8F02AC0D87B00924661 /* PoastAuthorFeedViewModel.swift in Sources */ = {isa = PBXBuildFile; fileRef = C229D8EF2AC0D87B00924661 /* PoastAuthorFeedViewModel.swift */; };
		C22BE49B2B6DD3EF00C24372 /* PoastPostEmbedImageModel.swift in Sources */ = {isa = PBXBuildFile; fileRef = C22BE49A2B6DD3EF00C24372 /* PoastPostEmbedImageModel.swift */; };
		C22BE49D2B6DEA8800C24372 /* PoastBlockedProfileModel.swift in Sources */ = {isa = PBXBuildFile; fileRef = C22BE49C2B6DEA8800C24372 /* PoastBlockedProfileModel.swift */; };
		C22BE49F2B6DFBED00C24372 /* PoastPostEmbedRecordModel.swift in Sources */ = {isa = PBXBuildFile; fileRef = C22BE49E2B6DFBED00C24372 /* PoastPostEmbedRecordModel.swift */; };
		C22BE4A12B6E02BD00C24372 /* PoastPostEmbedExternalModel.swift in Sources */ = {isa = PBXBuildFile; fileRef = C22BE4A02B6E02BD00C24372 /* PoastPostEmbedExternalModel.swift */; };
		C22BE4A32B6EA75000C24372 /* PoastBlobModel.swift in Sources */ = {isa = PBXBuildFile; fileRef = C22BE4A22B6EA75000C24372 /* PoastBlobModel.swift */; };
		C22BE4A52B6EA77400C24372 /* PoastReferenceModel.swift in Sources */ = {isa = PBXBuildFile; fileRef = C22BE4A42B6EA77400C24372 /* PoastReferenceModel.swift */; };
		C22BE4A72B6EAE3A00C24372 /* PoastImageBlobModel.swift in Sources */ = {isa = PBXBuildFile; fileRef = C22BE4A62B6EAE3A00C24372 /* PoastImageBlobModel.swift */; };
		C22BE4A92B6ED87C00C24372 /* PoastPostEmbedRecordEmbedModel.swift in Sources */ = {isa = PBXBuildFile; fileRef = C22BE4A82B6ED87C00C24372 /* PoastPostEmbedRecordEmbedModel.swift */; };
		C22BE4D72B72F71600C24372 /* PoastPostEmbedImagesView.swift in Sources */ = {isa = PBXBuildFile; fileRef = C22BE4D62B72F71600C24372 /* PoastPostEmbedImagesView.swift */; };
		C22BE4D92B72F7AB00C24372 /* PoastPostEmbedExternalView.swift in Sources */ = {isa = PBXBuildFile; fileRef = C22BE4D82B72F7AB00C24372 /* PoastPostEmbedExternalView.swift */; };
		C22BE4DB2B72FF9100C24372 /* PoastPostEmbedRecordWithMediaView.swift in Sources */ = {isa = PBXBuildFile; fileRef = C22BE4DA2B72FF9100C24372 /* PoastPostEmbedRecordWithMediaView.swift */; };
		C22CEDBF2CA0BA4300FD7CBB /* PoastPostEmbedVideoModel.swift in Sources */ = {isa = PBXBuildFile; fileRef = C22CEDBE2CA0BA4300FD7CBB /* PoastPostEmbedVideoModel.swift */; };
		C22CEDC12CA0BB5F00FD7CBB /* PoastPostEmbedAspectRatioModel.swift in Sources */ = {isa = PBXBuildFile; fileRef = C22CEDC02CA0BB5F00FD7CBB /* PoastPostEmbedAspectRatioModel.swift */; };
		C22D62012B5DCFC500A1E1B4 /* SwiftATProto in Frameworks */ = {isa = PBXBuildFile; productRef = C22D62002B5DCFC500A1E1B4 /* SwiftATProto */; };
		C22D62042B5DD47B00A1E1B4 /* SwiftATProto in Frameworks */ = {isa = PBXBuildFile; productRef = C22D62032B5DD47B00A1E1B4 /* SwiftATProto */; };
		C22D62072B5DD8AD00A1E1B4 /* SwiftBluesky in Frameworks */ = {isa = PBXBuildFile; productRef = C22D62062B5DD8AD00A1E1B4 /* SwiftBluesky */; };
		C22D620A2B5DD8C200A1E1B4 /* SwiftATProto in Frameworks */ = {isa = PBXBuildFile; productRef = C22D62092B5DD8C200A1E1B4 /* SwiftATProto */; };
		C22D620C2B5DD96300A1E1B4 /* PoastLabelModel.swift in Sources */ = {isa = PBXBuildFile; fileRef = C22D620B2B5DD96300A1E1B4 /* PoastLabelModel.swift */; };
		C22D620F2B5E1B2600A1E1B4 /* SwiftBluesky in Frameworks */ = {isa = PBXBuildFile; productRef = C22D620E2B5E1B2600A1E1B4 /* SwiftBluesky */; };
		C23D92492B6D5F7C0014F4D9 /* PoastStrongReferenceModel.swift in Sources */ = {isa = PBXBuildFile; fileRef = C23D92482B6D5F7C0014F4D9 /* PoastStrongReferenceModel.swift */; };
		C24104EC2B6DB10800EAA66C /* PoastPostEmbedView.swift in Sources */ = {isa = PBXBuildFile; fileRef = C24104EB2B6DB10800EAA66C /* PoastPostEmbedView.swift */; };
		C24213A72A7567A40012950B /* PoastApp.swift in Sources */ = {isa = PBXBuildFile; fileRef = C24213A62A7567A40012950B /* PoastApp.swift */; };
		C24213AB2A7567A60012950B /* Assets.xcassets in Resources */ = {isa = PBXBuildFile; fileRef = C24213AA2A7567A60012950B /* Assets.xcassets */; };
		C24213AE2A7567A60012950B /* Preview Assets.xcassets in Resources */ = {isa = PBXBuildFile; fileRef = C24213AD2A7567A60012950B /* Preview Assets.xcassets */; };
		C24213B02A7567A60012950B /* Persistence.swift in Sources */ = {isa = PBXBuildFile; fileRef = C24213AF2A7567A60012950B /* Persistence.swift */; };
		C24213B32A7567A60012950B /* Poast.xcdatamodeld in Sources */ = {isa = PBXBuildFile; fileRef = C24213B12A7567A60012950B /* Poast.xcdatamodeld */; };
		C24213BD2A7567A70012950B /* PoastTests.swift in Sources */ = {isa = PBXBuildFile; fileRef = C24213BC2A7567A70012950B /* PoastTests.swift */; };
		C24213C72A7567A70012950B /* PoastUITests.swift in Sources */ = {isa = PBXBuildFile; fileRef = C24213C62A7567A70012950B /* PoastUITests.swift */; };
		C24213C92A7567A70012950B /* PoastUITestsLaunchTests.swift in Sources */ = {isa = PBXBuildFile; fileRef = C24213C82A7567A70012950B /* PoastUITestsLaunchTests.swift */; };
		C26C1BA32CB58B4A000886BB /* PoastBlockedPostModel.swift in Sources */ = {isa = PBXBuildFile; fileRef = C26C1BA22CB58B45000886BB /* PoastBlockedPostModel.swift */; };
		C26C1BA52CB58B5D000886BB /* PoastNotFoundPostModel.swift in Sources */ = {isa = PBXBuildFile; fileRef = C26C1BA42CB58B59000886BB /* PoastNotFoundPostModel.swift */; };
		C26C1BA72CB5B3C7000886BB /* PoastAccountModel.swift in Sources */ = {isa = PBXBuildFile; fileRef = C26C1BA62CB5B3BB000886BB /* PoastAccountModel.swift */; };
		C26C1BBF2CB605D0000886BB /* PoastSessionModel.swift in Sources */ = {isa = PBXBuildFile; fileRef = C26C1BBE2CB605CB000886BB /* PoastSessionModel.swift */; };
		C27771B32B82E9B70060FDAD /* PoastThreadPostModel.swift in Sources */ = {isa = PBXBuildFile; fileRef = C27771B22B82E9B70060FDAD /* PoastThreadPostModel.swift */; };
		C27FFC6E2CBADFB4003435F3 /* PoastPostRepostInteractionModel.swift in Sources */ = {isa = PBXBuildFile; fileRef = C27FFC6D2CBADFAC003435F3 /* PoastPostRepostInteractionModel.swift */; };
		C28AB0E22CCADBF600965DB1 /* PoastFollowingFeedView.swift in Sources */ = {isa = PBXBuildFile; fileRef = C28AB0E12CCADBF600965DB1 /* PoastFollowingFeedView.swift */; };
		C28EFC292B784628009DB7A3 /* PoastFeedViewModel.swift in Sources */ = {isa = PBXBuildFile; fileRef = C28EFC282B784628009DB7A3 /* PoastFeedViewModel.swift */; };
		C28EFC2D2B796B70009DB7A3 /* PoastThreadViewModel.swift in Sources */ = {isa = PBXBuildFile; fileRef = C28EFC2C2B796B70009DB7A3 /* PoastThreadViewModel.swift */; };
		C28EFC2F2B796B9D009DB7A3 /* PoastThreadModel.swift in Sources */ = {isa = PBXBuildFile; fileRef = C28EFC2E2B796B9D009DB7A3 /* PoastThreadModel.swift */; };
		C28EFC332B7BE393009DB7A3 /* PoastThreadView.swift in Sources */ = {isa = PBXBuildFile; fileRef = C28EFC322B7BE393009DB7A3 /* PoastThreadView.swift */; };
		C293623B2B5B17B7002BE99E /* PoastAccountsView.swift in Sources */ = {isa = PBXBuildFile; fileRef = C293623A2B5B17B7002BE99E /* PoastAccountsView.swift */; };
		C293623D2B5B17C4002BE99E /* PoastAccountsViewModel.swift in Sources */ = {isa = PBXBuildFile; fileRef = C293623C2B5B17C4002BE99E /* PoastAccountsViewModel.swift */; };
		C29362432B5B674F002BE99E /* PoastLandingView.swift in Sources */ = {isa = PBXBuildFile; fileRef = C29362422B5B674E002BE99E /* PoastLandingView.swift */; };
		C29362452B5B6789002BE99E /* PoastLandingViewModel.swift in Sources */ = {isa = PBXBuildFile; fileRef = C29362442B5B6789002BE99E /* PoastLandingViewModel.swift */; };
		C29362472B5C1F6D002BE99E /* PoastTabView.swift in Sources */ = {isa = PBXBuildFile; fileRef = C29362462B5C1F6D002BE99E /* PoastTabView.swift */; };
		C29362492B5C2177002BE99E /* PoastSettingsView.swift in Sources */ = {isa = PBXBuildFile; fileRef = C29362482B5C2177002BE99E /* PoastSettingsView.swift */; };
		C293624B2B5C21A4002BE99E /* PoastSettingsViewModel.swift in Sources */ = {isa = PBXBuildFile; fileRef = C293624A2B5C21A4002BE99E /* PoastSettingsViewModel.swift */; };
		C29362512B5CAF75002BE99E /* SwiftBluesky in Frameworks */ = {isa = PBXBuildFile; productRef = C29362502B5CAF75002BE99E /* SwiftBluesky */; };
		C29362542B5CB221002BE99E /* SwiftATProto in Frameworks */ = {isa = PBXBuildFile; productRef = C29362532B5CB221002BE99E /* SwiftATProto */; };
		C297FDEC2A82A61B00BA78CD /* PoastCredentialsService.swift in Sources */ = {isa = PBXBuildFile; fileRef = C297FDEB2A82A61A00BA78CD /* PoastCredentialsService.swift */; };
		C2A8D6CA2A7BFE69005D9235 /* PoastSignInView.swift in Sources */ = {isa = PBXBuildFile; fileRef = C2A8D6C92A7BFE69005D9235 /* PoastSignInView.swift */; };
		C2A8D6CC2A7C0C4A005D9235 /* PoastSignInViewModel.swift in Sources */ = {isa = PBXBuildFile; fileRef = C2A8D6CB2A7C0C4A005D9235 /* PoastSignInViewModel.swift */; };
		C2B1CD982CB6C0B800978EA1 /* PoastPostInteractionViewModel.swift in Sources */ = {isa = PBXBuildFile; fileRef = C2B1CD972CB6C0AD00978EA1 /* PoastPostInteractionViewModel.swift */; };
		C2B1CD9A2CB6D1A300978EA1 /* PoastPostLikeModel.swift in Sources */ = {isa = PBXBuildFile; fileRef = C2B1CD992CB6D19E00978EA1 /* PoastPostLikeModel.swift */; };
		C2B1CD9C2CB6D70200978EA1 /* PoastPostRepostModel.swift in Sources */ = {isa = PBXBuildFile; fileRef = C2B1CD9B2CB6D6FC00978EA1 /* PoastPostRepostModel.swift */; };
		C2B1CD9E2CB6D71D00978EA1 /* PoastPostLikeInteractionModel.swift in Sources */ = {isa = PBXBuildFile; fileRef = C2B1CD9D2CB6D71800978EA1 /* PoastPostLikeInteractionModel.swift */; };
		C2B429EF2CD3FD4D00A9AE89 /* PoastPostHeaderView.swift in Sources */ = {isa = PBXBuildFile; fileRef = C2B429EE2CD3FD4D00A9AE89 /* PoastPostHeaderView.swift */; };
		C2B429F12CD418C700A9AE89 /* PoastFeedPostView.swift in Sources */ = {isa = PBXBuildFile; fileRef = C2B429F02CD418C200A9AE89 /* PoastFeedPostView.swift */; };
		C2D044CF2A75759D001DC946 /* PoastProfileModel.swift in Sources */ = {isa = PBXBuildFile; fileRef = C2D044CE2A75759D001DC946 /* PoastProfileModel.swift */; };
		C2D044D42A759293001DC946 /* PoastVisiblePostModel.swift in Sources */ = {isa = PBXBuildFile; fileRef = C2D044D32A759293001DC946 /* PoastVisiblePostModel.swift */; };
		C2D044D62A7592A0001DC946 /* PoastTimelineModel.swift in Sources */ = {isa = PBXBuildFile; fileRef = C2D044D52A7592A0001DC946 /* PoastTimelineModel.swift */; };
		C2D044E42A78A2C0001DC946 /* PoastCredentialsStore.swift in Sources */ = {isa = PBXBuildFile; fileRef = C2D044E32A78A2C0001DC946 /* PoastCredentialsStore.swift */; };
		C2D044E62A78A33D001DC946 /* PoastCredentialsModel.swift in Sources */ = {isa = PBXBuildFile; fileRef = C2D044E52A78A33D001DC946 /* PoastCredentialsModel.swift */; };
		C2D044E92A78A567001DC946 /* Keychain.swift in Sources */ = {isa = PBXBuildFile; fileRef = C2D044E82A78A567001DC946 /* Keychain.swift */; };
		C2D0453E2A798A9B001DC946 /* DependencyProvider.swift in Sources */ = {isa = PBXBuildFile; fileRef = C2D0453D2A798A9B001DC946 /* DependencyProvider.swift */; };
		C2D045402A798AB3001DC946 /* DependencyProviding.swift in Sources */ = {isa = PBXBuildFile; fileRef = C2D0453F2A798AB3001DC946 /* DependencyProviding.swift */; };
		C2D045422A798AEA001DC946 /* ServiceProviding.swift in Sources */ = {isa = PBXBuildFile; fileRef = C2D045412A798AEA001DC946 /* ServiceProviding.swift */; };
		C2D045442A798AF5001DC946 /* ServiceProvider.swift in Sources */ = {isa = PBXBuildFile; fileRef = C2D045432A798AF5001DC946 /* ServiceProvider.swift */; };
		C2D0458E2A7AC750001DC946 /* UtilityProviding.swift in Sources */ = {isa = PBXBuildFile; fileRef = C2D0458D2A7AC750001DC946 /* UtilityProviding.swift */; };
		C2D045902A7AC75A001DC946 /* UtilityProvider.swift in Sources */ = {isa = PBXBuildFile; fileRef = C2D0458F2A7AC75A001DC946 /* UtilityProvider.swift */; };
		C2D3E8892B633EF700440738 /* PoastFollowingFeedViewModel.swift in Sources */ = {isa = PBXBuildFile; fileRef = C2D3E8882B633EF700440738 /* PoastFollowingFeedViewModel.swift */; };
		C2D3E88B2B63430D00440738 /* PoastPostView.swift in Sources */ = {isa = PBXBuildFile; fileRef = C2D3E88A2B63430D00440738 /* PoastPostView.swift */; };
		C2EDB4002B67409400C31720 /* PoastPostEmbedModel.swift in Sources */ = {isa = PBXBuildFile; fileRef = C2EDB3FF2B67409400C31720 /* PoastPostEmbedModel.swift */; };
		C2EDB4022B695EA000C31720 /* PoastReplyModel.swift in Sources */ = {isa = PBXBuildFile; fileRef = C2EDB4012B695EA000C31720 /* PoastReplyModel.swift */; };
		C2EDB4052B69BBB400C31720 /* SwiftATProto in Frameworks */ = {isa = PBXBuildFile; productRef = C2EDB4042B69BBB400C31720 /* SwiftATProto */; };
		C2EDB4072B6ACC8300C31720 /* PoastPreferencesService.swift in Sources */ = {isa = PBXBuildFile; fileRef = C2EDB4062B6ACC8300C31720 /* PoastPreferencesService.swift */; };
		C2EDB40B2B6AF50600C31720 /* PoastPostViewModel.swift in Sources */ = {isa = PBXBuildFile; fileRef = C2EDB40A2B6AF50600C31720 /* PoastPostViewModel.swift */; };
		C2F54CD42CC03B17005150F2 /* PoastUser.swift in Sources */ = {isa = PBXBuildFile; fileRef = C2F54CD32CC03B13005150F2 /* PoastUser.swift */; };
		C2F6E28C2CCB10A60016A97C /* PoastPostComposeView.swift in Sources */ = {isa = PBXBuildFile; fileRef = C2F6E28B2CCB10A60016A97C /* PoastPostComposeView.swift */; };
		C2FA38CD2B6D9D510001A8C1 /* PoastPostInteractionView.swift in Sources */ = {isa = PBXBuildFile; fileRef = C2FA38CC2B6D9D510001A8C1 /* PoastPostInteractionView.swift */; };
/* End PBXBuildFile section */

/* Begin PBXContainerItemProxy section */
		C24213B92A7567A70012950B /* PBXContainerItemProxy */ = {
			isa = PBXContainerItemProxy;
			containerPortal = C242139B2A7567A40012950B /* Project object */;
			proxyType = 1;
			remoteGlobalIDString = C24213A22A7567A40012950B;
			remoteInfo = Poast;
		};
		C24213C32A7567A70012950B /* PBXContainerItemProxy */ = {
			isa = PBXContainerItemProxy;
			containerPortal = C242139B2A7567A40012950B /* Project object */;
			proxyType = 1;
			remoteGlobalIDString = C24213A22A7567A40012950B;
			remoteInfo = Poast;
		};
/* End PBXContainerItemProxy section */

/* Begin PBXFileReference section */
		C20AB6E02CD28F25002DBA8E /* PoastLikesFeedViewModel.swift */ = {isa = PBXFileReference; lastKnownFileType = sourcecode.swift; path = PoastLikesFeedViewModel.swift; sourceTree = "<group>"; };
		C21BC8712CCD4536002B54BE /* PoastThreadMuteInteractionModel.swift */ = {isa = PBXFileReference; lastKnownFileType = sourcecode.swift; path = PoastThreadMuteInteractionModel.swift; sourceTree = "<group>"; };
		C21BC8732CCD536B002B54BE /* PoastThreadMuteModel.swift */ = {isa = PBXFileReference; lastKnownFileType = sourcecode.swift; path = PoastThreadMuteModel.swift; sourceTree = "<group>"; };
		C21BC8752CD0B597002B54BE /* PoastAvatarView.swift */ = {isa = PBXFileReference; lastKnownFileType = sourcecode.swift; path = PoastAvatarView.swift; sourceTree = "<group>"; };
		C2222C612A8421E7000C7C45 /* PoastProfileViewModel.swift */ = {isa = PBXFileReference; lastKnownFileType = sourcecode.swift; path = PoastProfileViewModel.swift; sourceTree = "<group>"; };
		C2222C632A842601000C7C45 /* PoastProfileView.swift */ = {isa = PBXFileReference; lastKnownFileType = sourcecode.swift; path = PoastProfileView.swift; sourceTree = "<group>"; };
		C229D8EF2AC0D87B00924661 /* PoastAuthorFeedViewModel.swift */ = {isa = PBXFileReference; lastKnownFileType = sourcecode.swift; path = PoastAuthorFeedViewModel.swift; sourceTree = "<group>"; };
		C22BE49A2B6DD3EF00C24372 /* PoastPostEmbedImageModel.swift */ = {isa = PBXFileReference; lastKnownFileType = sourcecode.swift; path = PoastPostEmbedImageModel.swift; sourceTree = "<group>"; };
		C22BE49C2B6DEA8800C24372 /* PoastBlockedProfileModel.swift */ = {isa = PBXFileReference; lastKnownFileType = sourcecode.swift; path = PoastBlockedProfileModel.swift; sourceTree = "<group>"; };
		C22BE49E2B6DFBED00C24372 /* PoastPostEmbedRecordModel.swift */ = {isa = PBXFileReference; lastKnownFileType = sourcecode.swift; path = PoastPostEmbedRecordModel.swift; sourceTree = "<group>"; };
		C22BE4A02B6E02BD00C24372 /* PoastPostEmbedExternalModel.swift */ = {isa = PBXFileReference; lastKnownFileType = sourcecode.swift; path = PoastPostEmbedExternalModel.swift; sourceTree = "<group>"; };
		C22BE4A22B6EA75000C24372 /* PoastBlobModel.swift */ = {isa = PBXFileReference; lastKnownFileType = sourcecode.swift; path = PoastBlobModel.swift; sourceTree = "<group>"; };
		C22BE4A42B6EA77400C24372 /* PoastReferenceModel.swift */ = {isa = PBXFileReference; lastKnownFileType = sourcecode.swift; path = PoastReferenceModel.swift; sourceTree = "<group>"; };
		C22BE4A62B6EAE3A00C24372 /* PoastImageBlobModel.swift */ = {isa = PBXFileReference; lastKnownFileType = sourcecode.swift; path = PoastImageBlobModel.swift; sourceTree = "<group>"; };
		C22BE4A82B6ED87C00C24372 /* PoastPostEmbedRecordEmbedModel.swift */ = {isa = PBXFileReference; lastKnownFileType = sourcecode.swift; path = PoastPostEmbedRecordEmbedModel.swift; sourceTree = "<group>"; };
		C22BE4D62B72F71600C24372 /* PoastPostEmbedImagesView.swift */ = {isa = PBXFileReference; lastKnownFileType = sourcecode.swift; path = PoastPostEmbedImagesView.swift; sourceTree = "<group>"; };
		C22BE4D82B72F7AB00C24372 /* PoastPostEmbedExternalView.swift */ = {isa = PBXFileReference; lastKnownFileType = sourcecode.swift; path = PoastPostEmbedExternalView.swift; sourceTree = "<group>"; };
		C22BE4DA2B72FF9100C24372 /* PoastPostEmbedRecordWithMediaView.swift */ = {isa = PBXFileReference; lastKnownFileType = sourcecode.swift; path = PoastPostEmbedRecordWithMediaView.swift; sourceTree = "<group>"; };
		C22CEDBE2CA0BA4300FD7CBB /* PoastPostEmbedVideoModel.swift */ = {isa = PBXFileReference; lastKnownFileType = sourcecode.swift; path = PoastPostEmbedVideoModel.swift; sourceTree = "<group>"; };
		C22CEDC02CA0BB5F00FD7CBB /* PoastPostEmbedAspectRatioModel.swift */ = {isa = PBXFileReference; lastKnownFileType = sourcecode.swift; path = PoastPostEmbedAspectRatioModel.swift; sourceTree = "<group>"; };
		C22D620B2B5DD96300A1E1B4 /* PoastLabelModel.swift */ = {isa = PBXFileReference; lastKnownFileType = sourcecode.swift; path = PoastLabelModel.swift; sourceTree = "<group>"; };
		C23D92482B6D5F7C0014F4D9 /* PoastStrongReferenceModel.swift */ = {isa = PBXFileReference; lastKnownFileType = sourcecode.swift; path = PoastStrongReferenceModel.swift; sourceTree = "<group>"; };
		C24104EB2B6DB10800EAA66C /* PoastPostEmbedView.swift */ = {isa = PBXFileReference; lastKnownFileType = sourcecode.swift; path = PoastPostEmbedView.swift; sourceTree = "<group>"; };
		C24213A32A7567A40012950B /* Poast.app */ = {isa = PBXFileReference; explicitFileType = wrapper.application; includeInIndex = 0; path = Poast.app; sourceTree = BUILT_PRODUCTS_DIR; };
		C24213A62A7567A40012950B /* PoastApp.swift */ = {isa = PBXFileReference; lastKnownFileType = sourcecode.swift; path = PoastApp.swift; sourceTree = "<group>"; };
		C24213AA2A7567A60012950B /* Assets.xcassets */ = {isa = PBXFileReference; lastKnownFileType = folder.assetcatalog; path = Assets.xcassets; sourceTree = "<group>"; };
		C24213AD2A7567A60012950B /* Preview Assets.xcassets */ = {isa = PBXFileReference; lastKnownFileType = folder.assetcatalog; path = "Preview Assets.xcassets"; sourceTree = "<group>"; };
		C24213AF2A7567A60012950B /* Persistence.swift */ = {isa = PBXFileReference; lastKnownFileType = sourcecode.swift; path = Persistence.swift; sourceTree = "<group>"; };
		C24213B22A7567A60012950B /* Poast.xcdatamodel */ = {isa = PBXFileReference; lastKnownFileType = wrapper.xcdatamodel; path = Poast.xcdatamodel; sourceTree = "<group>"; };
		C24213B82A7567A70012950B /* PoastTests.xctest */ = {isa = PBXFileReference; explicitFileType = wrapper.cfbundle; includeInIndex = 0; path = PoastTests.xctest; sourceTree = BUILT_PRODUCTS_DIR; };
		C24213BC2A7567A70012950B /* PoastTests.swift */ = {isa = PBXFileReference; lastKnownFileType = sourcecode.swift; path = PoastTests.swift; sourceTree = "<group>"; };
		C24213C22A7567A70012950B /* PoastUITests.xctest */ = {isa = PBXFileReference; explicitFileType = wrapper.cfbundle; includeInIndex = 0; path = PoastUITests.xctest; sourceTree = BUILT_PRODUCTS_DIR; };
		C24213C62A7567A70012950B /* PoastUITests.swift */ = {isa = PBXFileReference; lastKnownFileType = sourcecode.swift; path = PoastUITests.swift; sourceTree = "<group>"; };
		C24213C82A7567A70012950B /* PoastUITestsLaunchTests.swift */ = {isa = PBXFileReference; lastKnownFileType = sourcecode.swift; path = PoastUITestsLaunchTests.swift; sourceTree = "<group>"; };
		C26C1BA22CB58B45000886BB /* PoastBlockedPostModel.swift */ = {isa = PBXFileReference; lastKnownFileType = sourcecode.swift; path = PoastBlockedPostModel.swift; sourceTree = "<group>"; };
		C26C1BA42CB58B59000886BB /* PoastNotFoundPostModel.swift */ = {isa = PBXFileReference; lastKnownFileType = sourcecode.swift; path = PoastNotFoundPostModel.swift; sourceTree = "<group>"; };
		C26C1BA62CB5B3BB000886BB /* PoastAccountModel.swift */ = {isa = PBXFileReference; lastKnownFileType = sourcecode.swift; path = PoastAccountModel.swift; sourceTree = "<group>"; };
		C26C1BBE2CB605CB000886BB /* PoastSessionModel.swift */ = {isa = PBXFileReference; lastKnownFileType = sourcecode.swift; path = PoastSessionModel.swift; sourceTree = "<group>"; };
		C27771B22B82E9B70060FDAD /* PoastThreadPostModel.swift */ = {isa = PBXFileReference; lastKnownFileType = sourcecode.swift; path = PoastThreadPostModel.swift; sourceTree = "<group>"; };
		C27FFC6D2CBADFAC003435F3 /* PoastPostRepostInteractionModel.swift */ = {isa = PBXFileReference; lastKnownFileType = sourcecode.swift; path = PoastPostRepostInteractionModel.swift; sourceTree = "<group>"; };
		C28AB0E12CCADBF600965DB1 /* PoastFollowingFeedView.swift */ = {isa = PBXFileReference; lastKnownFileType = sourcecode.swift; path = PoastFollowingFeedView.swift; sourceTree = "<group>"; };
		C28EFC282B784628009DB7A3 /* PoastFeedViewModel.swift */ = {isa = PBXFileReference; lastKnownFileType = sourcecode.swift; path = PoastFeedViewModel.swift; sourceTree = "<group>"; };
		C28EFC2C2B796B70009DB7A3 /* PoastThreadViewModel.swift */ = {isa = PBXFileReference; lastKnownFileType = sourcecode.swift; path = PoastThreadViewModel.swift; sourceTree = "<group>"; };
		C28EFC2E2B796B9D009DB7A3 /* PoastThreadModel.swift */ = {isa = PBXFileReference; lastKnownFileType = sourcecode.swift; path = PoastThreadModel.swift; sourceTree = "<group>"; };
		C28EFC322B7BE393009DB7A3 /* PoastThreadView.swift */ = {isa = PBXFileReference; lastKnownFileType = sourcecode.swift; path = PoastThreadView.swift; sourceTree = "<group>"; };
		C293623A2B5B17B7002BE99E /* PoastAccountsView.swift */ = {isa = PBXFileReference; fileEncoding = 4; lastKnownFileType = sourcecode.swift; path = PoastAccountsView.swift; sourceTree = "<group>"; };
		C293623C2B5B17C4002BE99E /* PoastAccountsViewModel.swift */ = {isa = PBXFileReference; fileEncoding = 4; lastKnownFileType = sourcecode.swift; path = PoastAccountsViewModel.swift; sourceTree = "<group>"; };
		C29362422B5B674E002BE99E /* PoastLandingView.swift */ = {isa = PBXFileReference; fileEncoding = 4; lastKnownFileType = sourcecode.swift; path = PoastLandingView.swift; sourceTree = "<group>"; };
		C29362442B5B6789002BE99E /* PoastLandingViewModel.swift */ = {isa = PBXFileReference; lastKnownFileType = sourcecode.swift; path = PoastLandingViewModel.swift; sourceTree = "<group>"; };
		C29362462B5C1F6D002BE99E /* PoastTabView.swift */ = {isa = PBXFileReference; lastKnownFileType = sourcecode.swift; path = PoastTabView.swift; sourceTree = "<group>"; };
		C29362482B5C2177002BE99E /* PoastSettingsView.swift */ = {isa = PBXFileReference; lastKnownFileType = sourcecode.swift; path = PoastSettingsView.swift; sourceTree = "<group>"; };
		C293624A2B5C21A4002BE99E /* PoastSettingsViewModel.swift */ = {isa = PBXFileReference; lastKnownFileType = sourcecode.swift; path = PoastSettingsViewModel.swift; sourceTree = "<group>"; };
		C297FDEB2A82A61A00BA78CD /* PoastCredentialsService.swift */ = {isa = PBXFileReference; fileEncoding = 4; lastKnownFileType = sourcecode.swift; path = PoastCredentialsService.swift; sourceTree = "<group>"; };
		C2A8D6C92A7BFE69005D9235 /* PoastSignInView.swift */ = {isa = PBXFileReference; lastKnownFileType = sourcecode.swift; path = PoastSignInView.swift; sourceTree = "<group>"; };
		C2A8D6CB2A7C0C4A005D9235 /* PoastSignInViewModel.swift */ = {isa = PBXFileReference; lastKnownFileType = sourcecode.swift; path = PoastSignInViewModel.swift; sourceTree = "<group>"; };
		C2B1CD972CB6C0AD00978EA1 /* PoastPostInteractionViewModel.swift */ = {isa = PBXFileReference; lastKnownFileType = sourcecode.swift; path = PoastPostInteractionViewModel.swift; sourceTree = "<group>"; };
		C2B1CD992CB6D19E00978EA1 /* PoastPostLikeModel.swift */ = {isa = PBXFileReference; lastKnownFileType = sourcecode.swift; path = PoastPostLikeModel.swift; sourceTree = "<group>"; };
		C2B1CD9B2CB6D6FC00978EA1 /* PoastPostRepostModel.swift */ = {isa = PBXFileReference; lastKnownFileType = sourcecode.swift; path = PoastPostRepostModel.swift; sourceTree = "<group>"; };
		C2B1CD9D2CB6D71800978EA1 /* PoastPostLikeInteractionModel.swift */ = {isa = PBXFileReference; lastKnownFileType = sourcecode.swift; path = PoastPostLikeInteractionModel.swift; sourceTree = "<group>"; };
		C2B429EE2CD3FD4D00A9AE89 /* PoastPostHeaderView.swift */ = {isa = PBXFileReference; lastKnownFileType = sourcecode.swift; path = PoastPostHeaderView.swift; sourceTree = "<group>"; };
		C2B429F02CD418C200A9AE89 /* PoastFeedPostView.swift */ = {isa = PBXFileReference; lastKnownFileType = sourcecode.swift; path = PoastFeedPostView.swift; sourceTree = "<group>"; };
		C2D044C82A756FFD001DC946 /* Info.plist */ = {isa = PBXFileReference; lastKnownFileType = text.plist; path = Info.plist; sourceTree = "<group>"; };
		C2D044CE2A75759D001DC946 /* PoastProfileModel.swift */ = {isa = PBXFileReference; lastKnownFileType = sourcecode.swift; path = PoastProfileModel.swift; sourceTree = "<group>"; };
		C2D044D32A759293001DC946 /* PoastVisiblePostModel.swift */ = {isa = PBXFileReference; lastKnownFileType = sourcecode.swift; path = PoastVisiblePostModel.swift; sourceTree = "<group>"; };
		C2D044D52A7592A0001DC946 /* PoastTimelineModel.swift */ = {isa = PBXFileReference; lastKnownFileType = sourcecode.swift; path = PoastTimelineModel.swift; sourceTree = "<group>"; };
		C2D044E32A78A2C0001DC946 /* PoastCredentialsStore.swift */ = {isa = PBXFileReference; lastKnownFileType = sourcecode.swift; path = PoastCredentialsStore.swift; sourceTree = "<group>"; };
		C2D044E52A78A33D001DC946 /* PoastCredentialsModel.swift */ = {isa = PBXFileReference; lastKnownFileType = sourcecode.swift; path = PoastCredentialsModel.swift; sourceTree = "<group>"; };
		C2D044E82A78A567001DC946 /* Keychain.swift */ = {isa = PBXFileReference; lastKnownFileType = sourcecode.swift; path = Keychain.swift; sourceTree = "<group>"; };
		C2D0453D2A798A9B001DC946 /* DependencyProvider.swift */ = {isa = PBXFileReference; lastKnownFileType = sourcecode.swift; path = DependencyProvider.swift; sourceTree = "<group>"; };
		C2D0453F2A798AB3001DC946 /* DependencyProviding.swift */ = {isa = PBXFileReference; lastKnownFileType = sourcecode.swift; path = DependencyProviding.swift; sourceTree = "<group>"; };
		C2D045412A798AEA001DC946 /* ServiceProviding.swift */ = {isa = PBXFileReference; lastKnownFileType = sourcecode.swift; path = ServiceProviding.swift; sourceTree = "<group>"; };
		C2D045432A798AF5001DC946 /* ServiceProvider.swift */ = {isa = PBXFileReference; lastKnownFileType = sourcecode.swift; path = ServiceProvider.swift; sourceTree = "<group>"; };
		C2D0458D2A7AC750001DC946 /* UtilityProviding.swift */ = {isa = PBXFileReference; lastKnownFileType = sourcecode.swift; path = UtilityProviding.swift; sourceTree = "<group>"; };
		C2D0458F2A7AC75A001DC946 /* UtilityProvider.swift */ = {isa = PBXFileReference; lastKnownFileType = sourcecode.swift; path = UtilityProvider.swift; sourceTree = "<group>"; };
		C2D3E8882B633EF700440738 /* PoastFollowingFeedViewModel.swift */ = {isa = PBXFileReference; lastKnownFileType = sourcecode.swift; path = PoastFollowingFeedViewModel.swift; sourceTree = "<group>"; };
		C2D3E88A2B63430D00440738 /* PoastPostView.swift */ = {isa = PBXFileReference; lastKnownFileType = sourcecode.swift; path = PoastPostView.swift; sourceTree = "<group>"; };
		C2EDB3FF2B67409400C31720 /* PoastPostEmbedModel.swift */ = {isa = PBXFileReference; lastKnownFileType = sourcecode.swift; path = PoastPostEmbedModel.swift; sourceTree = "<group>"; };
		C2EDB4012B695EA000C31720 /* PoastReplyModel.swift */ = {isa = PBXFileReference; lastKnownFileType = sourcecode.swift; path = PoastReplyModel.swift; sourceTree = "<group>"; };
		C2EDB4062B6ACC8300C31720 /* PoastPreferencesService.swift */ = {isa = PBXFileReference; lastKnownFileType = sourcecode.swift; path = PoastPreferencesService.swift; sourceTree = "<group>"; };
		C2EDB40A2B6AF50600C31720 /* PoastPostViewModel.swift */ = {isa = PBXFileReference; lastKnownFileType = sourcecode.swift; path = PoastPostViewModel.swift; sourceTree = "<group>"; };
		C2F54CD32CC03B13005150F2 /* PoastUser.swift */ = {isa = PBXFileReference; lastKnownFileType = sourcecode.swift; path = PoastUser.swift; sourceTree = "<group>"; };
		C2F6E28B2CCB10A60016A97C /* PoastPostComposeView.swift */ = {isa = PBXFileReference; lastKnownFileType = sourcecode.swift; path = PoastPostComposeView.swift; sourceTree = "<group>"; };
		C2FA38CC2B6D9D510001A8C1 /* PoastPostInteractionView.swift */ = {isa = PBXFileReference; lastKnownFileType = sourcecode.swift; path = PoastPostInteractionView.swift; sourceTree = "<group>"; };
/* End PBXFileReference section */

/* Begin PBXFrameworksBuildPhase section */
		C24213A02A7567A40012950B /* Frameworks */ = {
			isa = PBXFrameworksBuildPhase;
			buildActionMask = 2147483647;
			files = (
				C22D62072B5DD8AD00A1E1B4 /* SwiftBluesky in Frameworks */,
				C29362542B5CB221002BE99E /* SwiftATProto in Frameworks */,
				C2EDB4052B69BBB400C31720 /* SwiftATProto in Frameworks */,
				C22D620A2B5DD8C200A1E1B4 /* SwiftATProto in Frameworks */,
				C29362512B5CAF75002BE99E /* SwiftBluesky in Frameworks */,
				C22D62042B5DD47B00A1E1B4 /* SwiftATProto in Frameworks */,
				C22D62012B5DCFC500A1E1B4 /* SwiftATProto in Frameworks */,
				C22D620F2B5E1B2600A1E1B4 /* SwiftBluesky in Frameworks */,
			);
			runOnlyForDeploymentPostprocessing = 0;
		};
		C24213B52A7567A70012950B /* Frameworks */ = {
			isa = PBXFrameworksBuildPhase;
			buildActionMask = 2147483647;
			files = (
			);
			runOnlyForDeploymentPostprocessing = 0;
		};
		C24213BF2A7567A70012950B /* Frameworks */ = {
			isa = PBXFrameworksBuildPhase;
			buildActionMask = 2147483647;
			files = (
			);
			runOnlyForDeploymentPostprocessing = 0;
		};
/* End PBXFrameworksBuildPhase section */

/* Begin PBXGroup section */
		C213668E2A7AF1F40046B511 /* View Models */ = {
			isa = PBXGroup;
			children = (
				C29362442B5B6789002BE99E /* PoastLandingViewModel.swift */,
				C293623C2B5B17C4002BE99E /* PoastAccountsViewModel.swift */,
				C2A8D6CB2A7C0C4A005D9235 /* PoastSignInViewModel.swift */,
				C2222C612A8421E7000C7C45 /* PoastProfileViewModel.swift */,
				C2EDB40A2B6AF50600C31720 /* PoastPostViewModel.swift */,
				C2B1CD972CB6C0AD00978EA1 /* PoastPostInteractionViewModel.swift */,
				C28EFC282B784628009DB7A3 /* PoastFeedViewModel.swift */,
				C2D3E8882B633EF700440738 /* PoastFollowingFeedViewModel.swift */,
				C229D8EF2AC0D87B00924661 /* PoastAuthorFeedViewModel.swift */,
				C20AB6E02CD28F25002DBA8E /* PoastLikesFeedViewModel.swift */,
				C28EFC2C2B796B70009DB7A3 /* PoastThreadViewModel.swift */,
				C293624A2B5C21A4002BE99E /* PoastSettingsViewModel.swift */,
				C2D044D52A7592A0001DC946 /* PoastTimelineModel.swift */,
			);
			path = "View Models";
			sourceTree = "<group>";
		};
		C242139A2A7567A40012950B = {
			isa = PBXGroup;
			children = (
				C24213A52A7567A40012950B /* Poast */,
				C24213BB2A7567A70012950B /* PoastTests */,
				C24213C52A7567A70012950B /* PoastUITests */,
				C24213A42A7567A40012950B /* Products */,
			);
			sourceTree = "<group>";
		};
		C24213A42A7567A40012950B /* Products */ = {
			isa = PBXGroup;
			children = (
				C24213A32A7567A40012950B /* Poast.app */,
				C24213B82A7567A70012950B /* PoastTests.xctest */,
				C24213C22A7567A70012950B /* PoastUITests.xctest */,
			);
			name = Products;
			sourceTree = "<group>";
		};
		C24213A52A7567A40012950B /* Poast */ = {
			isa = PBXGroup;
			children = (
				C2D044CC2A757447001DC946 /* Data Models */,
				C213668E2A7AF1F40046B511 /* View Models */,
				C2D044CB2A757433001DC946 /* Views */,
				C2D044CD2A75744F001DC946 /* Stores */,
				C2D045472A798D32001DC946 /* Services */,
				C2D044E72A78A55F001DC946 /* Utilities */,
				C2D044C82A756FFD001DC946 /* Info.plist */,
				C24213A62A7567A40012950B /* PoastApp.swift */,
				C24213AA2A7567A60012950B /* Assets.xcassets */,
				C24213B12A7567A60012950B /* Poast.xcdatamodeld */,
				C24213AC2A7567A60012950B /* Preview Content */,
			);
			path = Poast;
			sourceTree = "<group>";
		};
		C24213AC2A7567A60012950B /* Preview Content */ = {
			isa = PBXGroup;
			children = (
				C24213AD2A7567A60012950B /* Preview Assets.xcassets */,
			);
			path = "Preview Content";
			sourceTree = "<group>";
		};
		C24213BB2A7567A70012950B /* PoastTests */ = {
			isa = PBXGroup;
			children = (
				C24213BC2A7567A70012950B /* PoastTests.swift */,
			);
			path = PoastTests;
			sourceTree = "<group>";
		};
		C24213C52A7567A70012950B /* PoastUITests */ = {
			isa = PBXGroup;
			children = (
				C24213C62A7567A70012950B /* PoastUITests.swift */,
				C24213C82A7567A70012950B /* PoastUITestsLaunchTests.swift */,
			);
			path = PoastUITests;
			sourceTree = "<group>";
		};
		C2D044CB2A757433001DC946 /* Views */ = {
			isa = PBXGroup;
			children = (
				C29362422B5B674E002BE99E /* PoastLandingView.swift */,
				C29362462B5C1F6D002BE99E /* PoastTabView.swift */,
				C293623A2B5B17B7002BE99E /* PoastAccountsView.swift */,
				C2A8D6C92A7BFE69005D9235 /* PoastSignInView.swift */,
				C21BC8752CD0B597002B54BE /* PoastAvatarView.swift */,
				C22BE4D62B72F71600C24372 /* PoastPostEmbedImagesView.swift */,
				C22BE4D82B72F7AB00C24372 /* PoastPostEmbedExternalView.swift */,
				C22BE4DA2B72FF9100C24372 /* PoastPostEmbedRecordWithMediaView.swift */,
				C24104EB2B6DB10800EAA66C /* PoastPostEmbedView.swift */,
				C2B429EE2CD3FD4D00A9AE89 /* PoastPostHeaderView.swift */,
				C2FA38CC2B6D9D510001A8C1 /* PoastPostInteractionView.swift */,
				C2D3E88A2B63430D00440738 /* PoastPostView.swift */,
				C28EFC322B7BE393009DB7A3 /* PoastThreadView.swift */,
				C28AB0E12CCADBF600965DB1 /* PoastFollowingFeedView.swift */,
				C2B429F02CD418C200A9AE89 /* PoastFeedPostView.swift */,
				C2222C632A842601000C7C45 /* PoastProfileView.swift */,
				C29362482B5C2177002BE99E /* PoastSettingsView.swift */,
			);
			path = Views;
			sourceTree = "<group>";
		};
		C2D044CC2A757447001DC946 /* Data Models */ = {
			isa = PBXGroup;
			children = (
				C22D620B2B5DD96300A1E1B4 /* PoastLabelModel.swift */,
				C2F54CD32CC03B13005150F2 /* PoastUser.swift */,
				C26C1BA62CB5B3BB000886BB /* PoastAccountModel.swift */,
				C26C1BBE2CB605CB000886BB /* PoastSessionModel.swift */,
				C2D044CE2A75759D001DC946 /* PoastProfileModel.swift */,
				C2D044D32A759293001DC946 /* PoastVisiblePostModel.swift */,
				C26C1BA42CB58B59000886BB /* PoastNotFoundPostModel.swift */,
				C26C1BA22CB58B45000886BB /* PoastBlockedPostModel.swift */,
				C2EDB3FF2B67409400C31720 /* PoastPostEmbedModel.swift */,
				C22BE4A02B6E02BD00C24372 /* PoastPostEmbedExternalModel.swift */,
				C22BE49A2B6DD3EF00C24372 /* PoastPostEmbedImageModel.swift */,
				C22CEDBE2CA0BA4300FD7CBB /* PoastPostEmbedVideoModel.swift */,
				C22CEDC02CA0BB5F00FD7CBB /* PoastPostEmbedAspectRatioModel.swift */,
				C22BE49E2B6DFBED00C24372 /* PoastPostEmbedRecordModel.swift */,
				C22BE4A82B6ED87C00C24372 /* PoastPostEmbedRecordEmbedModel.swift */,
				C28EFC2E2B796B9D009DB7A3 /* PoastThreadModel.swift */,
				C27771B22B82E9B70060FDAD /* PoastThreadPostModel.swift */,
				C22BE4A42B6EA77400C24372 /* PoastReferenceModel.swift */,
				C22BE49C2B6DEA8800C24372 /* PoastBlockedProfileModel.swift */,
				C22BE4A22B6EA75000C24372 /* PoastBlobModel.swift */,
				C22BE4A62B6EAE3A00C24372 /* PoastImageBlobModel.swift */,
				C2EDB4012B695EA000C31720 /* PoastReplyModel.swift */,
				C23D92482B6D5F7C0014F4D9 /* PoastStrongReferenceModel.swift */,
				C2D044E52A78A33D001DC946 /* PoastCredentialsModel.swift */,
				C2B1CD992CB6D19E00978EA1 /* PoastPostLikeModel.swift */,
				C2B1CD9D2CB6D71800978EA1 /* PoastPostLikeInteractionModel.swift */,
				C2B1CD9B2CB6D6FC00978EA1 /* PoastPostRepostModel.swift */,
				C27FFC6D2CBADFAC003435F3 /* PoastPostRepostInteractionModel.swift */,
				C21BC8732CCD536B002B54BE /* PoastThreadMuteModel.swift */,
				C21BC8712CCD4536002B54BE /* PoastThreadMuteInteractionModel.swift */,
				C2F6E28B2CCB10A60016A97C /* PoastPostComposeView.swift */,
			);
			path = "Data Models";
			sourceTree = "<group>";
		};
		C2D044CD2A75744F001DC946 /* Stores */ = {
			isa = PBXGroup;
			children = (
				C2D044E32A78A2C0001DC946 /* PoastCredentialsStore.swift */,
			);
			path = Stores;
			sourceTree = "<group>";
		};
		C2D044E72A78A55F001DC946 /* Utilities */ = {
			isa = PBXGroup;
			children = (
				C2D044E82A78A567001DC946 /* Keychain.swift */,
				C24213AF2A7567A60012950B /* Persistence.swift */,
				C2D0453F2A798AB3001DC946 /* DependencyProviding.swift */,
				C2D0453D2A798A9B001DC946 /* DependencyProvider.swift */,
				C2D045412A798AEA001DC946 /* ServiceProviding.swift */,
				C2D045432A798AF5001DC946 /* ServiceProvider.swift */,
				C2D0458D2A7AC750001DC946 /* UtilityProviding.swift */,
				C2D0458F2A7AC75A001DC946 /* UtilityProvider.swift */,
			);
			path = Utilities;
			sourceTree = "<group>";
		};
		C2D045472A798D32001DC946 /* Services */ = {
			isa = PBXGroup;
			children = (
				C297FDEB2A82A61A00BA78CD /* PoastCredentialsService.swift */,
				C2EDB4062B6ACC8300C31720 /* PoastPreferencesService.swift */,
			);
			path = Services;
			sourceTree = "<group>";
		};
/* End PBXGroup section */

/* Begin PBXNativeTarget section */
		C24213A22A7567A40012950B /* Poast */ = {
			isa = PBXNativeTarget;
			buildConfigurationList = C24213CC2A7567A70012950B /* Build configuration list for PBXNativeTarget "Poast" */;
			buildPhases = (
				C242139F2A7567A40012950B /* Sources */,
				C24213A02A7567A40012950B /* Frameworks */,
				C24213A12A7567A40012950B /* Resources */,
			);
			buildRules = (
			);
			dependencies = (
			);
			name = Poast;
			packageProductDependencies = (
				C29362502B5CAF75002BE99E /* SwiftBluesky */,
				C29362532B5CB221002BE99E /* SwiftATProto */,
				C22D62002B5DCFC500A1E1B4 /* SwiftATProto */,
				C22D62032B5DD47B00A1E1B4 /* SwiftATProto */,
				C22D62062B5DD8AD00A1E1B4 /* SwiftBluesky */,
				C22D62092B5DD8C200A1E1B4 /* SwiftATProto */,
				C22D620E2B5E1B2600A1E1B4 /* SwiftBluesky */,
				C2EDB4042B69BBB400C31720 /* SwiftATProto */,
			);
			productName = Poast;
			productReference = C24213A32A7567A40012950B /* Poast.app */;
			productType = "com.apple.product-type.application";
		};
		C24213B72A7567A70012950B /* PoastTests */ = {
			isa = PBXNativeTarget;
			buildConfigurationList = C24213CF2A7567A70012950B /* Build configuration list for PBXNativeTarget "PoastTests" */;
			buildPhases = (
				C24213B42A7567A70012950B /* Sources */,
				C24213B52A7567A70012950B /* Frameworks */,
				C24213B62A7567A70012950B /* Resources */,
			);
			buildRules = (
			);
			dependencies = (
				C24213BA2A7567A70012950B /* PBXTargetDependency */,
			);
			name = PoastTests;
			productName = PoastTests;
			productReference = C24213B82A7567A70012950B /* PoastTests.xctest */;
			productType = "com.apple.product-type.bundle.unit-test";
		};
		C24213C12A7567A70012950B /* PoastUITests */ = {
			isa = PBXNativeTarget;
			buildConfigurationList = C24213D22A7567A70012950B /* Build configuration list for PBXNativeTarget "PoastUITests" */;
			buildPhases = (
				C24213BE2A7567A70012950B /* Sources */,
				C24213BF2A7567A70012950B /* Frameworks */,
				C24213C02A7567A70012950B /* Resources */,
			);
			buildRules = (
			);
			dependencies = (
				C24213C42A7567A70012950B /* PBXTargetDependency */,
			);
			name = PoastUITests;
			productName = PoastUITests;
			productReference = C24213C22A7567A70012950B /* PoastUITests.xctest */;
			productType = "com.apple.product-type.bundle.ui-testing";
		};
/* End PBXNativeTarget section */

/* Begin PBXProject section */
		C242139B2A7567A40012950B /* Project object */ = {
			isa = PBXProject;
			attributes = {
				BuildIndependentTargetsInParallel = 1;
				LastSwiftUpdateCheck = 1430;
				LastUpgradeCheck = 1430;
				TargetAttributes = {
					C24213A22A7567A40012950B = {
						CreatedOnToolsVersion = 14.3;
					};
					C24213B72A7567A70012950B = {
						CreatedOnToolsVersion = 14.3;
						TestTargetID = C24213A22A7567A40012950B;
					};
					C24213C12A7567A70012950B = {
						CreatedOnToolsVersion = 14.3;
						TestTargetID = C24213A22A7567A40012950B;
					};
				};
			};
			buildConfigurationList = C242139E2A7567A40012950B /* Build configuration list for PBXProject "Poast" */;
			compatibilityVersion = "Xcode 14.0";
			developmentRegion = en;
			hasScannedForEncodings = 0;
			knownRegions = (
				en,
				Base,
			);
			mainGroup = C242139A2A7567A40012950B;
			packageReferences = (
				C22D620D2B5E1B2600A1E1B4 /* XCRemoteSwiftPackageReference "SwiftBluesky" */,
			);
			productRefGroup = C24213A42A7567A40012950B /* Products */;
			projectDirPath = "";
			projectRoot = "";
			targets = (
				C24213A22A7567A40012950B /* Poast */,
				C24213B72A7567A70012950B /* PoastTests */,
				C24213C12A7567A70012950B /* PoastUITests */,
			);
		};
/* End PBXProject section */

/* Begin PBXResourcesBuildPhase section */
		C24213A12A7567A40012950B /* Resources */ = {
			isa = PBXResourcesBuildPhase;
			buildActionMask = 2147483647;
			files = (
				C24213AE2A7567A60012950B /* Preview Assets.xcassets in Resources */,
				C24213AB2A7567A60012950B /* Assets.xcassets in Resources */,
			);
			runOnlyForDeploymentPostprocessing = 0;
		};
		C24213B62A7567A70012950B /* Resources */ = {
			isa = PBXResourcesBuildPhase;
			buildActionMask = 2147483647;
			files = (
			);
			runOnlyForDeploymentPostprocessing = 0;
		};
		C24213C02A7567A70012950B /* Resources */ = {
			isa = PBXResourcesBuildPhase;
			buildActionMask = 2147483647;
			files = (
			);
			runOnlyForDeploymentPostprocessing = 0;
		};
/* End PBXResourcesBuildPhase section */

/* Begin PBXSourcesBuildPhase section */
		C242139F2A7567A40012950B /* Sources */ = {
			isa = PBXSourcesBuildPhase;
			buildActionMask = 2147483647;
			files = (
				C2EDB40B2B6AF50600C31720 /* PoastPostViewModel.swift in Sources */,
				C2D044D62A7592A0001DC946 /* PoastTimelineModel.swift in Sources */,
				C23D92492B6D5F7C0014F4D9 /* PoastStrongReferenceModel.swift in Sources */,
				C24213B02A7567A60012950B /* Persistence.swift in Sources */,
				C2D044CF2A75759D001DC946 /* PoastProfileModel.swift in Sources */,
				C2D3E88B2B63430D00440738 /* PoastPostView.swift in Sources */,
				C21BC8772CD0B597002B54BE /* PoastAvatarView.swift in Sources */,
				C22BE4A52B6EA77400C24372 /* PoastReferenceModel.swift in Sources */,
				C22BE4DB2B72FF9100C24372 /* PoastPostEmbedRecordWithMediaView.swift in Sources */,
				C2B1CD9E2CB6D71D00978EA1 /* PoastPostLikeInteractionModel.swift in Sources */,
				C2EDB4002B67409400C31720 /* PoastPostEmbedModel.swift in Sources */,
				C24104EC2B6DB10800EAA66C /* PoastPostEmbedView.swift in Sources */,
				C2B1CD982CB6C0B800978EA1 /* PoastPostInteractionViewModel.swift in Sources */,
				C21BC8742CCD5370002B54BE /* PoastThreadMuteModel.swift in Sources */,
				C2B429F12CD418C700A9AE89 /* PoastFeedPostView.swift in Sources */,
				C22BE49B2B6DD3EF00C24372 /* PoastPostEmbedImageModel.swift in Sources */,
				C29362472B5C1F6D002BE99E /* PoastTabView.swift in Sources */,
				C22BE4D72B72F71600C24372 /* PoastPostEmbedImagesView.swift in Sources */,
				C24213B32A7567A60012950B /* Poast.xcdatamodeld in Sources */,
				C29362452B5B6789002BE99E /* PoastLandingViewModel.swift in Sources */,
				C293624B2B5C21A4002BE99E /* PoastSettingsViewModel.swift in Sources */,
				C229D8F02AC0D87B00924661 /* PoastAuthorFeedViewModel.swift in Sources */,
				C28EFC332B7BE393009DB7A3 /* PoastThreadView.swift in Sources */,
				C20AB6E12CD28F2E002DBA8E /* PoastLikesFeedViewModel.swift in Sources */,
				C2F6E28C2CCB10A60016A97C /* PoastPostComposeView.swift in Sources */,
				C21BC8722CCD4541002B54BE /* PoastThreadMuteInteractionModel.swift in Sources */,
				C26C1BA32CB58B4A000886BB /* PoastBlockedPostModel.swift in Sources */,
				C2D044E62A78A33D001DC946 /* PoastCredentialsModel.swift in Sources */,
				C27FFC6E2CBADFB4003435F3 /* PoastPostRepostInteractionModel.swift in Sources */,
				C293623D2B5B17C4002BE99E /* PoastAccountsViewModel.swift in Sources */,
				C2F54CD42CC03B17005150F2 /* PoastUser.swift in Sources */,
				C22CEDC12CA0BB5F00FD7CBB /* PoastPostEmbedAspectRatioModel.swift in Sources */,
				C22BE4A12B6E02BD00C24372 /* PoastPostEmbedExternalModel.swift in Sources */,
				C29362492B5C2177002BE99E /* PoastSettingsView.swift in Sources */,
				C2B1CD9A2CB6D1A300978EA1 /* PoastPostLikeModel.swift in Sources */,
				C2D044E42A78A2C0001DC946 /* PoastCredentialsStore.swift in Sources */,
				C26C1BA72CB5B3C7000886BB /* PoastAccountModel.swift in Sources */,
				C2222C642A842601000C7C45 /* PoastProfileView.swift in Sources */,
				C2D3E8892B633EF700440738 /* PoastFollowingFeedViewModel.swift in Sources */,
				C2D044D42A759293001DC946 /* PoastVisiblePostModel.swift in Sources */,
				C2FA38CD2B6D9D510001A8C1 /* PoastPostInteractionView.swift in Sources */,
				C2D0458E2A7AC750001DC946 /* UtilityProviding.swift in Sources */,
				C22BE4A72B6EAE3A00C24372 /* PoastImageBlobModel.swift in Sources */,
				C27771B32B82E9B70060FDAD /* PoastThreadPostModel.swift in Sources */,
				C29362432B5B674F002BE99E /* PoastLandingView.swift in Sources */,
				C2A8D6CA2A7BFE69005D9235 /* PoastSignInView.swift in Sources */,
				C2D045422A798AEA001DC946 /* ServiceProviding.swift in Sources */,
				C293623B2B5B17B7002BE99E /* PoastAccountsView.swift in Sources */,
				C26C1BBF2CB605D0000886BB /* PoastSessionModel.swift in Sources */,
				C28EFC2D2B796B70009DB7A3 /* PoastThreadViewModel.swift in Sources */,
				C2EDB4072B6ACC8300C31720 /* PoastPreferencesService.swift in Sources */,
				C22BE4A92B6ED87C00C24372 /* PoastPostEmbedRecordEmbedModel.swift in Sources */,
				C2D045402A798AB3001DC946 /* DependencyProviding.swift in Sources */,
				C22D620C2B5DD96300A1E1B4 /* PoastLabelModel.swift in Sources */,
				C2D0453E2A798A9B001DC946 /* DependencyProvider.swift in Sources */,
				C2222C622A8421E7000C7C45 /* PoastProfileViewModel.swift in Sources */,
				C22BE49F2B6DFBED00C24372 /* PoastPostEmbedRecordModel.swift in Sources */,
				C22BE4D92B72F7AB00C24372 /* PoastPostEmbedExternalView.swift in Sources */,
				C26C1BA52CB58B5D000886BB /* PoastNotFoundPostModel.swift in Sources */,
				C2B429EF2CD3FD4D00A9AE89 /* PoastPostHeaderView.swift in Sources */,
				C2B1CD9C2CB6D70200978EA1 /* PoastPostRepostModel.swift in Sources */,
				C28EFC292B784628009DB7A3 /* PoastFeedViewModel.swift in Sources */,
				C2D045442A798AF5001DC946 /* ServiceProvider.swift in Sources */,
				C22CEDBF2CA0BA4300FD7CBB /* PoastPostEmbedVideoModel.swift in Sources */,
				C24213A72A7567A40012950B /* PoastApp.swift in Sources */,
				C28EFC2F2B796B9D009DB7A3 /* PoastThreadModel.swift in Sources */,
				C297FDEC2A82A61B00BA78CD /* PoastCredentialsService.swift in Sources */,
				C22BE4A32B6EA75000C24372 /* PoastBlobModel.swift in Sources */,
				C28AB0E22CCADBF600965DB1 /* PoastFollowingFeedView.swift in Sources */,
				C2D045902A7AC75A001DC946 /* UtilityProvider.swift in Sources */,
				C2EDB4022B695EA000C31720 /* PoastReplyModel.swift in Sources */,
				C22BE49D2B6DEA8800C24372 /* PoastBlockedProfileModel.swift in Sources */,
				C2A8D6CC2A7C0C4A005D9235 /* PoastSignInViewModel.swift in Sources */,
				C2D044E92A78A567001DC946 /* Keychain.swift in Sources */,
			);
			runOnlyForDeploymentPostprocessing = 0;
		};
		C24213B42A7567A70012950B /* Sources */ = {
			isa = PBXSourcesBuildPhase;
			buildActionMask = 2147483647;
			files = (
				C24213BD2A7567A70012950B /* PoastTests.swift in Sources */,
			);
			runOnlyForDeploymentPostprocessing = 0;
		};
		C24213BE2A7567A70012950B /* Sources */ = {
			isa = PBXSourcesBuildPhase;
			buildActionMask = 2147483647;
			files = (
				C24213C92A7567A70012950B /* PoastUITestsLaunchTests.swift in Sources */,
				C24213C72A7567A70012950B /* PoastUITests.swift in Sources */,
			);
			runOnlyForDeploymentPostprocessing = 0;
		};
/* End PBXSourcesBuildPhase section */

/* Begin PBXTargetDependency section */
		C24213BA2A7567A70012950B /* PBXTargetDependency */ = {
			isa = PBXTargetDependency;
			target = C24213A22A7567A40012950B /* Poast */;
			targetProxy = C24213B92A7567A70012950B /* PBXContainerItemProxy */;
		};
		C24213C42A7567A70012950B /* PBXTargetDependency */ = {
			isa = PBXTargetDependency;
			target = C24213A22A7567A40012950B /* Poast */;
			targetProxy = C24213C32A7567A70012950B /* PBXContainerItemProxy */;
		};
/* End PBXTargetDependency section */

/* Begin XCBuildConfiguration section */
		C24213CA2A7567A70012950B /* Debug */ = {
			isa = XCBuildConfiguration;
			buildSettings = {
				ALWAYS_SEARCH_USER_PATHS = NO;
				CLANG_ANALYZER_NONNULL = YES;
				CLANG_ANALYZER_NUMBER_OBJECT_CONVERSION = YES_AGGRESSIVE;
				CLANG_CXX_LANGUAGE_STANDARD = "gnu++20";
				CLANG_ENABLE_MODULES = YES;
				CLANG_ENABLE_OBJC_ARC = YES;
				CLANG_ENABLE_OBJC_WEAK = YES;
				CLANG_WARN_BLOCK_CAPTURE_AUTORELEASING = YES;
				CLANG_WARN_BOOL_CONVERSION = YES;
				CLANG_WARN_COMMA = YES;
				CLANG_WARN_CONSTANT_CONVERSION = YES;
				CLANG_WARN_DEPRECATED_OBJC_IMPLEMENTATIONS = YES;
				CLANG_WARN_DIRECT_OBJC_ISA_USAGE = YES_ERROR;
				CLANG_WARN_DOCUMENTATION_COMMENTS = YES;
				CLANG_WARN_EMPTY_BODY = YES;
				CLANG_WARN_ENUM_CONVERSION = YES;
				CLANG_WARN_INFINITE_RECURSION = YES;
				CLANG_WARN_INT_CONVERSION = YES;
				CLANG_WARN_NON_LITERAL_NULL_CONVERSION = YES;
				CLANG_WARN_OBJC_IMPLICIT_RETAIN_SELF = YES;
				CLANG_WARN_OBJC_LITERAL_CONVERSION = YES;
				CLANG_WARN_OBJC_ROOT_CLASS = YES_ERROR;
				CLANG_WARN_QUOTED_INCLUDE_IN_FRAMEWORK_HEADER = YES;
				CLANG_WARN_RANGE_LOOP_ANALYSIS = YES;
				CLANG_WARN_STRICT_PROTOTYPES = YES;
				CLANG_WARN_SUSPICIOUS_MOVE = YES;
				CLANG_WARN_UNGUARDED_AVAILABILITY = YES_AGGRESSIVE;
				CLANG_WARN_UNREACHABLE_CODE = YES;
				CLANG_WARN__DUPLICATE_METHOD_MATCH = YES;
				COPY_PHASE_STRIP = NO;
				DEBUG_INFORMATION_FORMAT = dwarf;
				ENABLE_STRICT_OBJC_MSGSEND = YES;
				ENABLE_TESTABILITY = YES;
				GCC_C_LANGUAGE_STANDARD = gnu11;
				GCC_DYNAMIC_NO_PIC = NO;
				GCC_NO_COMMON_BLOCKS = YES;
				GCC_OPTIMIZATION_LEVEL = 0;
				GCC_PREPROCESSOR_DEFINITIONS = (
					"DEBUG=1",
					"$(inherited)",
				);
				GCC_WARN_64_TO_32_BIT_CONVERSION = YES;
				GCC_WARN_ABOUT_RETURN_TYPE = YES_ERROR;
				GCC_WARN_UNDECLARED_SELECTOR = YES;
				GCC_WARN_UNINITIALIZED_AUTOS = YES_AGGRESSIVE;
				GCC_WARN_UNUSED_FUNCTION = YES;
				GCC_WARN_UNUSED_VARIABLE = YES;
				IPHONEOS_DEPLOYMENT_TARGET = 16.4;
				MTL_ENABLE_DEBUG_INFO = INCLUDE_SOURCE;
				MTL_FAST_MATH = YES;
				ONLY_ACTIVE_ARCH = YES;
				SDKROOT = iphoneos;
				SWIFT_ACTIVE_COMPILATION_CONDITIONS = DEBUG;
				SWIFT_OPTIMIZATION_LEVEL = "-Onone";
			};
			name = Debug;
		};
		C24213CB2A7567A70012950B /* Release */ = {
			isa = XCBuildConfiguration;
			buildSettings = {
				ALWAYS_SEARCH_USER_PATHS = NO;
				CLANG_ANALYZER_NONNULL = YES;
				CLANG_ANALYZER_NUMBER_OBJECT_CONVERSION = YES_AGGRESSIVE;
				CLANG_CXX_LANGUAGE_STANDARD = "gnu++20";
				CLANG_ENABLE_MODULES = YES;
				CLANG_ENABLE_OBJC_ARC = YES;
				CLANG_ENABLE_OBJC_WEAK = YES;
				CLANG_WARN_BLOCK_CAPTURE_AUTORELEASING = YES;
				CLANG_WARN_BOOL_CONVERSION = YES;
				CLANG_WARN_COMMA = YES;
				CLANG_WARN_CONSTANT_CONVERSION = YES;
				CLANG_WARN_DEPRECATED_OBJC_IMPLEMENTATIONS = YES;
				CLANG_WARN_DIRECT_OBJC_ISA_USAGE = YES_ERROR;
				CLANG_WARN_DOCUMENTATION_COMMENTS = YES;
				CLANG_WARN_EMPTY_BODY = YES;
				CLANG_WARN_ENUM_CONVERSION = YES;
				CLANG_WARN_INFINITE_RECURSION = YES;
				CLANG_WARN_INT_CONVERSION = YES;
				CLANG_WARN_NON_LITERAL_NULL_CONVERSION = YES;
				CLANG_WARN_OBJC_IMPLICIT_RETAIN_SELF = YES;
				CLANG_WARN_OBJC_LITERAL_CONVERSION = YES;
				CLANG_WARN_OBJC_ROOT_CLASS = YES_ERROR;
				CLANG_WARN_QUOTED_INCLUDE_IN_FRAMEWORK_HEADER = YES;
				CLANG_WARN_RANGE_LOOP_ANALYSIS = YES;
				CLANG_WARN_STRICT_PROTOTYPES = YES;
				CLANG_WARN_SUSPICIOUS_MOVE = YES;
				CLANG_WARN_UNGUARDED_AVAILABILITY = YES_AGGRESSIVE;
				CLANG_WARN_UNREACHABLE_CODE = YES;
				CLANG_WARN__DUPLICATE_METHOD_MATCH = YES;
				COPY_PHASE_STRIP = NO;
				DEBUG_INFORMATION_FORMAT = "dwarf-with-dsym";
				ENABLE_NS_ASSERTIONS = NO;
				ENABLE_STRICT_OBJC_MSGSEND = YES;
				GCC_C_LANGUAGE_STANDARD = gnu11;
				GCC_NO_COMMON_BLOCKS = YES;
				GCC_WARN_64_TO_32_BIT_CONVERSION = YES;
				GCC_WARN_ABOUT_RETURN_TYPE = YES_ERROR;
				GCC_WARN_UNDECLARED_SELECTOR = YES;
				GCC_WARN_UNINITIALIZED_AUTOS = YES_AGGRESSIVE;
				GCC_WARN_UNUSED_FUNCTION = YES;
				GCC_WARN_UNUSED_VARIABLE = YES;
				IPHONEOS_DEPLOYMENT_TARGET = 16.4;
				MTL_ENABLE_DEBUG_INFO = NO;
				MTL_FAST_MATH = YES;
				SDKROOT = iphoneos;
				SWIFT_COMPILATION_MODE = wholemodule;
				SWIFT_OPTIMIZATION_LEVEL = "-O";
				VALIDATE_PRODUCT = YES;
			};
			name = Release;
		};
		C24213CD2A7567A70012950B /* Debug */ = {
			isa = XCBuildConfiguration;
			buildSettings = {
				ASSETCATALOG_COMPILER_APPICON_NAME = AppIcon;
				ASSETCATALOG_COMPILER_GLOBAL_ACCENT_COLOR_NAME = AccentColor;
				CODE_SIGN_STYLE = Automatic;
				CURRENT_PROJECT_VERSION = 1;
				DEVELOPMENT_ASSET_PATHS = "\"Poast/Preview Content\"";
				DEVELOPMENT_TEAM = 57XK7UWHV5;
				ENABLE_PREVIEWS = YES;
				GENERATE_INFOPLIST_FILE = YES;
				INFOPLIST_FILE = Poast/Info.plist;
				INFOPLIST_KEY_UIApplicationSceneManifest_Generation = YES;
				INFOPLIST_KEY_UIApplicationSupportsIndirectInputEvents = YES;
				INFOPLIST_KEY_UILaunchScreen_Generation = YES;
				INFOPLIST_KEY_UISupportedInterfaceOrientations_iPad = "UIInterfaceOrientationPortrait UIInterfaceOrientationPortraitUpsideDown UIInterfaceOrientationLandscapeLeft UIInterfaceOrientationLandscapeRight";
				INFOPLIST_KEY_UISupportedInterfaceOrientations_iPhone = "UIInterfaceOrientationPortrait UIInterfaceOrientationLandscapeLeft UIInterfaceOrientationLandscapeRight";
				IPHONEOS_DEPLOYMENT_TARGET = 18.0;
				LD_RUNPATH_SEARCH_PATHS = (
					"$(inherited)",
					"@executable_path/Frameworks",
				);
				MARKETING_VERSION = 1.0;
				PRODUCT_BUNDLE_IDENTIFIER = com.chead.Poast;
				PRODUCT_NAME = "$(TARGET_NAME)";
				SUPPORTED_PLATFORMS = "iphoneos iphonesimulator";
				SUPPORTS_MACCATALYST = NO;
				SUPPORTS_MAC_DESIGNED_FOR_IPHONE_IPAD = NO;
				SUPPORTS_XR_DESIGNED_FOR_IPHONE_IPAD = NO;
				SWIFT_EMIT_LOC_STRINGS = YES;
				SWIFT_VERSION = 5.0;
				TARGETED_DEVICE_FAMILY = 1;
			};
			name = Debug;
		};
		C24213CE2A7567A70012950B /* Release */ = {
			isa = XCBuildConfiguration;
			buildSettings = {
				ASSETCATALOG_COMPILER_APPICON_NAME = AppIcon;
				ASSETCATALOG_COMPILER_GLOBAL_ACCENT_COLOR_NAME = AccentColor;
				CODE_SIGN_STYLE = Automatic;
				CURRENT_PROJECT_VERSION = 1;
				DEVELOPMENT_ASSET_PATHS = "\"Poast/Preview Content\"";
				DEVELOPMENT_TEAM = 57XK7UWHV5;
				ENABLE_PREVIEWS = YES;
				GENERATE_INFOPLIST_FILE = YES;
				INFOPLIST_FILE = Poast/Info.plist;
				INFOPLIST_KEY_UIApplicationSceneManifest_Generation = YES;
				INFOPLIST_KEY_UIApplicationSupportsIndirectInputEvents = YES;
				INFOPLIST_KEY_UILaunchScreen_Generation = YES;
				INFOPLIST_KEY_UISupportedInterfaceOrientations_iPad = "UIInterfaceOrientationPortrait UIInterfaceOrientationPortraitUpsideDown UIInterfaceOrientationLandscapeLeft UIInterfaceOrientationLandscapeRight";
				INFOPLIST_KEY_UISupportedInterfaceOrientations_iPhone = "UIInterfaceOrientationPortrait UIInterfaceOrientationLandscapeLeft UIInterfaceOrientationLandscapeRight";
				IPHONEOS_DEPLOYMENT_TARGET = 18.0;
				LD_RUNPATH_SEARCH_PATHS = (
					"$(inherited)",
					"@executable_path/Frameworks",
				);
				MARKETING_VERSION = 1.0;
				PRODUCT_BUNDLE_IDENTIFIER = com.chead.Poast;
				PRODUCT_NAME = "$(TARGET_NAME)";
				SUPPORTED_PLATFORMS = "iphoneos iphonesimulator";
				SUPPORTS_MACCATALYST = NO;
				SUPPORTS_MAC_DESIGNED_FOR_IPHONE_IPAD = NO;
				SUPPORTS_XR_DESIGNED_FOR_IPHONE_IPAD = NO;
				SWIFT_EMIT_LOC_STRINGS = YES;
				SWIFT_VERSION = 5.0;
				TARGETED_DEVICE_FAMILY = 1;
			};
			name = Release;
		};
		C24213D02A7567A70012950B /* Debug */ = {
			isa = XCBuildConfiguration;
			buildSettings = {
				ALWAYS_EMBED_SWIFT_STANDARD_LIBRARIES = YES;
				BUNDLE_LOADER = "$(TEST_HOST)";
				CODE_SIGN_STYLE = Automatic;
				CURRENT_PROJECT_VERSION = 1;
				DEVELOPMENT_TEAM = 57XK7UWHV5;
				GENERATE_INFOPLIST_FILE = YES;
				IPHONEOS_DEPLOYMENT_TARGET = 16.4;
				MARKETING_VERSION = 1.0;
				PRODUCT_BUNDLE_IDENTIFIER = com.chead.PoastTests;
				PRODUCT_NAME = "$(TARGET_NAME)";
				SWIFT_EMIT_LOC_STRINGS = NO;
				SWIFT_VERSION = 5.0;
				TARGETED_DEVICE_FAMILY = "1,2";
				TEST_HOST = "$(BUILT_PRODUCTS_DIR)/Poast.app/$(BUNDLE_EXECUTABLE_FOLDER_PATH)/Poast";
			};
			name = Debug;
		};
		C24213D12A7567A70012950B /* Release */ = {
			isa = XCBuildConfiguration;
			buildSettings = {
				ALWAYS_EMBED_SWIFT_STANDARD_LIBRARIES = YES;
				BUNDLE_LOADER = "$(TEST_HOST)";
				CODE_SIGN_STYLE = Automatic;
				CURRENT_PROJECT_VERSION = 1;
				DEVELOPMENT_TEAM = 57XK7UWHV5;
				GENERATE_INFOPLIST_FILE = YES;
				IPHONEOS_DEPLOYMENT_TARGET = 16.4;
				MARKETING_VERSION = 1.0;
				PRODUCT_BUNDLE_IDENTIFIER = com.chead.PoastTests;
				PRODUCT_NAME = "$(TARGET_NAME)";
				SWIFT_EMIT_LOC_STRINGS = NO;
				SWIFT_VERSION = 5.0;
				TARGETED_DEVICE_FAMILY = "1,2";
				TEST_HOST = "$(BUILT_PRODUCTS_DIR)/Poast.app/$(BUNDLE_EXECUTABLE_FOLDER_PATH)/Poast";
			};
			name = Release;
		};
		C24213D32A7567A70012950B /* Debug */ = {
			isa = XCBuildConfiguration;
			buildSettings = {
				ALWAYS_EMBED_SWIFT_STANDARD_LIBRARIES = YES;
				CODE_SIGN_STYLE = Automatic;
				CURRENT_PROJECT_VERSION = 1;
				DEVELOPMENT_TEAM = 57XK7UWHV5;
				GENERATE_INFOPLIST_FILE = YES;
				MARKETING_VERSION = 1.0;
				PRODUCT_BUNDLE_IDENTIFIER = com.chead.PoastUITests;
				PRODUCT_NAME = "$(TARGET_NAME)";
				SWIFT_EMIT_LOC_STRINGS = NO;
				SWIFT_VERSION = 5.0;
				TARGETED_DEVICE_FAMILY = "1,2";
				TEST_TARGET_NAME = Poast;
			};
			name = Debug;
		};
		C24213D42A7567A70012950B /* Release */ = {
			isa = XCBuildConfiguration;
			buildSettings = {
				ALWAYS_EMBED_SWIFT_STANDARD_LIBRARIES = YES;
				CODE_SIGN_STYLE = Automatic;
				CURRENT_PROJECT_VERSION = 1;
				DEVELOPMENT_TEAM = 57XK7UWHV5;
				GENERATE_INFOPLIST_FILE = YES;
				MARKETING_VERSION = 1.0;
				PRODUCT_BUNDLE_IDENTIFIER = com.chead.PoastUITests;
				PRODUCT_NAME = "$(TARGET_NAME)";
				SWIFT_EMIT_LOC_STRINGS = NO;
				SWIFT_VERSION = 5.0;
				TARGETED_DEVICE_FAMILY = "1,2";
				TEST_TARGET_NAME = Poast;
			};
			name = Release;
		};
/* End XCBuildConfiguration section */

/* Begin XCConfigurationList section */
		C242139E2A7567A40012950B /* Build configuration list for PBXProject "Poast" */ = {
			isa = XCConfigurationList;
			buildConfigurations = (
				C24213CA2A7567A70012950B /* Debug */,
				C24213CB2A7567A70012950B /* Release */,
			);
			defaultConfigurationIsVisible = 0;
			defaultConfigurationName = Release;
		};
		C24213CC2A7567A70012950B /* Build configuration list for PBXNativeTarget "Poast" */ = {
			isa = XCConfigurationList;
			buildConfigurations = (
				C24213CD2A7567A70012950B /* Debug */,
				C24213CE2A7567A70012950B /* Release */,
			);
			defaultConfigurationIsVisible = 0;
			defaultConfigurationName = Release;
		};
		C24213CF2A7567A70012950B /* Build configuration list for PBXNativeTarget "PoastTests" */ = {
			isa = XCConfigurationList;
			buildConfigurations = (
				C24213D02A7567A70012950B /* Debug */,
				C24213D12A7567A70012950B /* Release */,
			);
			defaultConfigurationIsVisible = 0;
			defaultConfigurationName = Release;
		};
		C24213D22A7567A70012950B /* Build configuration list for PBXNativeTarget "PoastUITests" */ = {
			isa = XCConfigurationList;
			buildConfigurations = (
				C24213D32A7567A70012950B /* Debug */,
				C24213D42A7567A70012950B /* Release */,
			);
			defaultConfigurationIsVisible = 0;
			defaultConfigurationName = Release;
		};
/* End XCConfigurationList section */

/* Begin XCRemoteSwiftPackageReference section */
		C22D620D2B5E1B2600A1E1B4 /* XCRemoteSwiftPackageReference "SwiftBluesky" */ = {
			isa = XCRemoteSwiftPackageReference;
			repositoryURL = "https://github.com/chead/SwiftBluesky.git";
			requirement = {
				kind = upToNextMajorVersion;
				minimumVersion = 0.3.5;
			};
		};
/* End XCRemoteSwiftPackageReference section */

/* Begin XCSwiftPackageProductDependency section */
		C22D62002B5DCFC500A1E1B4 /* SwiftATProto */ = {
			isa = XCSwiftPackageProductDependency;
			productName = SwiftATProto;
		};
		C22D62032B5DD47B00A1E1B4 /* SwiftATProto */ = {
			isa = XCSwiftPackageProductDependency;
			productName = SwiftATProto;
		};
		C22D62062B5DD8AD00A1E1B4 /* SwiftBluesky */ = {
			isa = XCSwiftPackageProductDependency;
			productName = SwiftBluesky;
		};
		C22D62092B5DD8C200A1E1B4 /* SwiftATProto */ = {
			isa = XCSwiftPackageProductDependency;
			productName = SwiftATProto;
		};
		C22D620E2B5E1B2600A1E1B4 /* SwiftBluesky */ = {
			isa = XCSwiftPackageProductDependency;
			package = C22D620D2B5E1B2600A1E1B4 /* XCRemoteSwiftPackageReference "SwiftBluesky" */;
			productName = SwiftBluesky;
		};
		C29362502B5CAF75002BE99E /* SwiftBluesky */ = {
			isa = XCSwiftPackageProductDependency;
			productName = SwiftBluesky;
		};
		C29362532B5CB221002BE99E /* SwiftATProto */ = {
			isa = XCSwiftPackageProductDependency;
			productName = SwiftATProto;
		};
		C2EDB4042B69BBB400C31720 /* SwiftATProto */ = {
			isa = XCSwiftPackageProductDependency;
			productName = SwiftATProto;
		};
/* End XCSwiftPackageProductDependency section */

/* Begin XCVersionGroup section */
		C24213B12A7567A60012950B /* Poast.xcdatamodeld */ = {
			isa = XCVersionGroup;
			children = (
				C24213B22A7567A60012950B /* Poast.xcdatamodel */,
			);
			currentVersion = C24213B22A7567A60012950B /* Poast.xcdatamodel */;
			path = Poast.xcdatamodeld;
			sourceTree = "<group>";
			versionGroupType = wrapper.xcdatamodel;
		};
/* End XCVersionGroup section */
	};
	rootObject = C242139B2A7567A40012950B /* Project object */;
}
