// !$*UTF8*$!
{
	archiveVersion = 1;
	classes = {
	};
	objectVersion = 56;
	objects = {

/* Begin PBXBuildFile section */
		C24213A72A7567A40012950B /* PoastApp.swift in Sources */ = {isa = PBXBuildFile; fileRef = C24213A62A7567A40012950B /* PoastApp.swift */; };
		C24213A92A7567A40012950B /* ContentView.swift in Sources */ = {isa = PBXBuildFile; fileRef = C24213A82A7567A40012950B /* ContentView.swift */; };
		C24213AB2A7567A60012950B /* Assets.xcassets in Resources */ = {isa = PBXBuildFile; fileRef = C24213AA2A7567A60012950B /* Assets.xcassets */; };
		C24213AE2A7567A60012950B /* Preview Assets.xcassets in Resources */ = {isa = PBXBuildFile; fileRef = C24213AD2A7567A60012950B /* Preview Assets.xcassets */; };
		C24213B02A7567A60012950B /* Persistence.swift in Sources */ = {isa = PBXBuildFile; fileRef = C24213AF2A7567A60012950B /* Persistence.swift */; };
		C24213B32A7567A60012950B /* Poast.xcdatamodeld in Sources */ = {isa = PBXBuildFile; fileRef = C24213B12A7567A60012950B /* Poast.xcdatamodeld */; };
		C24213BD2A7567A70012950B /* PoastTests.swift in Sources */ = {isa = PBXBuildFile; fileRef = C24213BC2A7567A70012950B /* PoastTests.swift */; };
		C24213C72A7567A70012950B /* PoastUITests.swift in Sources */ = {isa = PBXBuildFile; fileRef = C24213C62A7567A70012950B /* PoastUITests.swift */; };
		C24213C92A7567A70012950B /* PoastUITestsLaunchTests.swift in Sources */ = {isa = PBXBuildFile; fileRef = C24213C82A7567A70012950B /* PoastUITestsLaunchTests.swift */; };
/* End PBXBuildFile section */

/* Begin PBXContainerItemProxy section */
		C24213B92A7567A70012950B /* PBXContainerItemProxy */ = {
			isa = PBXContainerItemProxy;
			containerPortal = C242139B2A7567A40012950B /* Project object */;
			proxyType = 1;
			remoteGlobalIDString = C24213A22A7567A40012950B;
			remoteInfo = Poast;
		};
		C24213C32A7567A70012950B /* PBXContainerItemProxy */ = {
			isa = PBXContainerItemProxy;
			containerPortal = C242139B2A7567A40012950B /* Project object */;
			proxyType = 1;
			remoteGlobalIDString = C24213A22A7567A40012950B;
			remoteInfo = Poast;
		};
/* End PBXContainerItemProxy section */

/* Begin PBXFileReference section */
		C24213A32A7567A40012950B /* Poast.app */ = {isa = PBXFileReference; explicitFileType = wrapper.application; includeInIndex = 0; path = Poast.app; sourceTree = BUILT_PRODUCTS_DIR; };
		C24213A62A7567A40012950B /* PoastApp.swift */ = {isa = PBXFileReference; lastKnownFileType = sourcecode.swift; path = PoastApp.swift; sourceTree = "<group>"; };
		C24213A82A7567A40012950B /* ContentView.swift */ = {isa = PBXFileReference; lastKnownFileType = sourcecode.swift; path = ContentView.swift; sourceTree = "<group>"; };
		C24213AA2A7567A60012950B /* Assets.xcassets */ = {isa = PBXFileReference; lastKnownFileType = folder.assetcatalog; path = Assets.xcassets; sourceTree = "<group>"; };
		C24213AD2A7567A60012950B /* Preview Assets.xcassets */ = {isa = PBXFileReference; lastKnownFileType = folder.assetcatalog; path = "Preview Assets.xcassets"; sourceTree = "<group>"; };
		C24213AF2A7567A60012950B /* Persistence.swift */ = {isa = PBXFileReference; lastKnownFileType = sourcecode.swift; path = Persistence.swift; sourceTree = "<group>"; };
		C24213B22A7567A60012950B /* Poast.xcdatamodel */ = {isa = PBXFileReference; lastKnownFileType = wrapper.xcdatamodel; path = Poast.xcdatamodel; sourceTree = "<group>"; };
		C24213B82A7567A70012950B /* PoastTests.xctest */ = {isa = PBXFileReference; explicitFileType = wrapper.cfbundle; includeInIndex = 0; path = PoastTests.xctest; sourceTree = BUILT_PRODUCTS_DIR; };
		C24213BC2A7567A70012950B /* PoastTests.swift */ = {isa = PBXFileReference; lastKnownFileType = sourcecode.swift; path = PoastTests.swift; sourceTree = "<group>"; };
		C24213C22A7567A70012950B /* PoastUITests.xctest */ = {isa = PBXFileReference; explicitFileType = wrapper.cfbundle; includeInIndex = 0; path = PoastUITests.xctest; sourceTree = BUILT_PRODUCTS_DIR; };
		C24213C62A7567A70012950B /* PoastUITests.swift */ = {isa = PBXFileReference; lastKnownFileType = sourcecode.swift; path = PoastUITests.swift; sourceTree = "<group>"; };
		C24213C82A7567A70012950B /* PoastUITestsLaunchTests.swift */ = {isa = PBXFileReference; lastKnownFileType = sourcecode.swift; path = PoastUITestsLaunchTests.swift; sourceTree = "<group>"; };
/* End PBXFileReference section */

/* Begin PBXFrameworksBuildPhase section */
		C24213A02A7567A40012950B /* Frameworks */ = {
			isa = PBXFrameworksBuildPhase;
			buildActionMask = 2147483647;
			files = (
			);
			runOnlyForDeploymentPostprocessing = 0;
		};
		C24213B52A7567A70012950B /* Frameworks */ = {
			isa = PBXFrameworksBuildPhase;
			buildActionMask = 2147483647;
			files = (
			);
			runOnlyForDeploymentPostprocessing = 0;
		};
		C24213BF2A7567A70012950B /* Frameworks */ = {
			isa = PBXFrameworksBuildPhase;
			buildActionMask = 2147483647;
			files = (
			);
			runOnlyForDeploymentPostprocessing = 0;
		};
/* End PBXFrameworksBuildPhase section */

/* Begin PBXGroup section */
		C242139A2A7567A40012950B = {
			isa = PBXGroup;
			children = (
				C24213A52A7567A40012950B /* Poast */,
				C24213BB2A7567A70012950B /* PoastTests */,
				C24213C52A7567A70012950B /* PoastUITests */,
				C24213A42A7567A40012950B /* Products */,
			);
			sourceTree = "<group>";
		};
		C24213A42A7567A40012950B /* Products */ = {
			isa = PBXGroup;
			children = (
				C24213A32A7567A40012950B /* Poast.app */,
				C24213B82A7567A70012950B /* PoastTests.xctest */,
				C24213C22A7567A70012950B /* PoastUITests.xctest */,
			);
			name = Products;
			sourceTree = "<group>";
		};
		C24213A52A7567A40012950B /* Poast */ = {
			isa = PBXGroup;
			children = (
				C24213A62A7567A40012950B /* PoastApp.swift */,
				C24213A82A7567A40012950B /* ContentView.swift */,
				C24213AA2A7567A60012950B /* Assets.xcassets */,
				C24213AF2A7567A60012950B /* Persistence.swift */,
				C24213B12A7567A60012950B /* Poast.xcdatamodeld */,
				C24213AC2A7567A60012950B /* Preview Content */,
			);
			path = Poast;
			sourceTree = "<group>";
		};
		C24213AC2A7567A60012950B /* Preview Content */ = {
			isa = PBXGroup;
			children = (
				C24213AD2A7567A60012950B /* Preview Assets.xcassets */,
			);
			path = "Preview Content";
			sourceTree = "<group>";
		};
		C24213BB2A7567A70012950B /* PoastTests */ = {
			isa = PBXGroup;
			children = (
				C24213BC2A7567A70012950B /* PoastTests.swift */,
			);
			path = PoastTests;
			sourceTree = "<group>";
		};
		C24213C52A7567A70012950B /* PoastUITests */ = {
			isa = PBXGroup;
			children = (
				C24213C62A7567A70012950B /* PoastUITests.swift */,
				C24213C82A7567A70012950B /* PoastUITestsLaunchTests.swift */,
			);
			path = PoastUITests;
			sourceTree = "<group>";
		};
/* End PBXGroup section */

/* Begin PBXNativeTarget section */
		C24213A22A7567A40012950B /* Poast */ = {
			isa = PBXNativeTarget;
			buildConfigurationList = C24213CC2A7567A70012950B /* Build configuration list for PBXNativeTarget "Poast" */;
			buildPhases = (
				C242139F2A7567A40012950B /* Sources */,
				C24213A02A7567A40012950B /* Frameworks */,
				C24213A12A7567A40012950B /* Resources */,
			);
			buildRules = (
			);
			dependencies = (
			);
			name = Poast;
			productName = Poast;
			productReference = C24213A32A7567A40012950B /* Poast.app */;
			productType = "com.apple.product-type.application";
		};
		C24213B72A7567A70012950B /* PoastTests */ = {
			isa = PBXNativeTarget;
			buildConfigurationList = C24213CF2A7567A70012950B /* Build configuration list for PBXNativeTarget "PoastTests" */;
			buildPhases = (
				C24213B42A7567A70012950B /* Sources */,
				C24213B52A7567A70012950B /* Frameworks */,
				C24213B62A7567A70012950B /* Resources */,
			);
			buildRules = (
			);
			dependencies = (
				C24213BA2A7567A70012950B /* PBXTargetDependency */,
			);
			name = PoastTests;
			productName = PoastTests;
			productReference = C24213B82A7567A70012950B /* PoastTests.xctest */;
			productType = "com.apple.product-type.bundle.unit-test";
		};
		C24213C12A7567A70012950B /* PoastUITests */ = {
			isa = PBXNativeTarget;
			buildConfigurationList = C24213D22A7567A70012950B /* Build configuration list for PBXNativeTarget "PoastUITests" */;
			buildPhases = (
				C24213BE2A7567A70012950B /* Sources */,
				C24213BF2A7567A70012950B /* Frameworks */,
				C24213C02A7567A70012950B /* Resources */,
			);
			buildRules = (
			);
			dependencies = (
				C24213C42A7567A70012950B /* PBXTargetDependency */,
			);
			name = PoastUITests;
			productName = PoastUITests;
			productReference = C24213C22A7567A70012950B /* PoastUITests.xctest */;
			productType = "com.apple.product-type.bundle.ui-testing";
		};
/* End PBXNativeTarget section */

/* Begin PBXProject section */
		C242139B2A7567A40012950B /* Project object */ = {
			isa = PBXProject;
			attributes = {
				BuildIndependentTargetsInParallel = 1;
				LastSwiftUpdateCheck = 1430;
				LastUpgradeCheck = 1430;
				TargetAttributes = {
					C24213A22A7567A40012950B = {
						CreatedOnToolsVersion = 14.3;
					};
					C24213B72A7567A70012950B = {
						CreatedOnToolsVersion = 14.3;
						TestTargetID = C24213A22A7567A40012950B;
					};
					C24213C12A7567A70012950B = {
						CreatedOnToolsVersion = 14.3;
						TestTargetID = C24213A22A7567A40012950B;
					};
				};
			};
			buildConfigurationList = C242139E2A7567A40012950B /* Build configuration list for PBXProject "Poast" */;
			compatibilityVersion = "Xcode 14.0";
			developmentRegion = en;
			hasScannedForEncodings = 0;
			knownRegions = (
				en,
				Base,
			);
			mainGroup = C242139A2A7567A40012950B;
			productRefGroup = C24213A42A7567A40012950B /* Products */;
			projectDirPath = "";
			projectRoot = "";
			targets = (
				C24213A22A7567A40012950B /* Poast */,
				C24213B72A7567A70012950B /* PoastTests */,
				C24213C12A7567A70012950B /* PoastUITests */,
			);
		};
/* End PBXProject section */

/* Begin PBXResourcesBuildPhase section */
		C24213A12A7567A40012950B /* Resources */ = {
			isa = PBXResourcesBuildPhase;
			buildActionMask = 2147483647;
			files = (
				C24213AE2A7567A60012950B /* Preview Assets.xcassets in Resources */,
				C24213AB2A7567A60012950B /* Assets.xcassets in Resources */,
			);
			runOnlyForDeploymentPostprocessing = 0;
		};
		C24213B62A7567A70012950B /* Resources */ = {
			isa = PBXResourcesBuildPhase;
			buildActionMask = 2147483647;
			files = (
			);
			runOnlyForDeploymentPostprocessing = 0;
		};
		C24213C02A7567A70012950B /* Resources */ = {
			isa = PBXResourcesBuildPhase;
			buildActionMask = 2147483647;
			files = (
			);
			runOnlyForDeploymentPostprocessing = 0;
		};
/* End PBXResourcesBuildPhase section */

/* Begin PBXSourcesBuildPhase section */
		C242139F2A7567A40012950B /* Sources */ = {
			isa = PBXSourcesBuildPhase;
			buildActionMask = 2147483647;
			files = (
				C24213B02A7567A60012950B /* Persistence.swift in Sources */,
				C24213B32A7567A60012950B /* Poast.xcdatamodeld in Sources */,
				C24213A92A7567A40012950B /* ContentView.swift in Sources */,
				C24213A72A7567A40012950B /* PoastApp.swift in Sources */,
			);
			runOnlyForDeploymentPostprocessing = 0;
		};
		C24213B42A7567A70012950B /* Sources */ = {
			isa = PBXSourcesBuildPhase;
			buildActionMask = 2147483647;
			files = (
				C24213BD2A7567A70012950B /* PoastTests.swift in Sources */,
			);
			runOnlyForDeploymentPostprocessing = 0;
		};
		C24213BE2A7567A70012950B /* Sources */ = {
			isa = PBXSourcesBuildPhase;
			buildActionMask = 2147483647;
			files = (
				C24213C92A7567A70012950B /* PoastUITestsLaunchTests.swift in Sources */,
				C24213C72A7567A70012950B /* PoastUITests.swift in Sources */,
			);
			runOnlyForDeploymentPostprocessing = 0;
		};
/* End PBXSourcesBuildPhase section */

/* Begin PBXTargetDependency section */
		C24213BA2A7567A70012950B /* PBXTargetDependency */ = {
			isa = PBXTargetDependency;
			target = C24213A22A7567A40012950B /* Poast */;
			targetProxy = C24213B92A7567A70012950B /* PBXContainerItemProxy */;
		};
		C24213C42A7567A70012950B /* PBXTargetDependency */ = {
			isa = PBXTargetDependency;
			target = C24213A22A7567A40012950B /* Poast */;
			targetProxy = C24213C32A7567A70012950B /* PBXContainerItemProxy */;
		};
/* End PBXTargetDependency section */

/* Begin XCBuildConfiguration section */
		C24213CA2A7567A70012950B /* Debug */ = {
			isa = XCBuildConfiguration;
			buildSettings = {
				ALWAYS_SEARCH_USER_PATHS = NO;
				CLANG_ANALYZER_NONNULL = YES;
				CLANG_ANALYZER_NUMBER_OBJECT_CONVERSION = YES_AGGRESSIVE;
				CLANG_CXX_LANGUAGE_STANDARD = "gnu++20";
				CLANG_ENABLE_MODULES = YES;
				CLANG_ENABLE_OBJC_ARC = YES;
				CLANG_ENABLE_OBJC_WEAK = YES;
				CLANG_WARN_BLOCK_CAPTURE_AUTORELEASING = YES;
				CLANG_WARN_BOOL_CONVERSION = YES;
				CLANG_WARN_COMMA = YES;
				CLANG_WARN_CONSTANT_CONVERSION = YES;
				CLANG_WARN_DEPRECATED_OBJC_IMPLEMENTATIONS = YES;
				CLANG_WARN_DIRECT_OBJC_ISA_USAGE = YES_ERROR;
				CLANG_WARN_DOCUMENTATION_COMMENTS = YES;
				CLANG_WARN_EMPTY_BODY = YES;
				CLANG_WARN_ENUM_CONVERSION = YES;
				CLANG_WARN_INFINITE_RECURSION = YES;
				CLANG_WARN_INT_CONVERSION = YES;
				CLANG_WARN_NON_LITERAL_NULL_CONVERSION = YES;
				CLANG_WARN_OBJC_IMPLICIT_RETAIN_SELF = YES;
				CLANG_WARN_OBJC_LITERAL_CONVERSION = YES;
				CLANG_WARN_OBJC_ROOT_CLASS = YES_ERROR;
				CLANG_WARN_QUOTED_INCLUDE_IN_FRAMEWORK_HEADER = YES;
				CLANG_WARN_RANGE_LOOP_ANALYSIS = YES;
				CLANG_WARN_STRICT_PROTOTYPES = YES;
				CLANG_WARN_SUSPICIOUS_MOVE = YES;
				CLANG_WARN_UNGUARDED_AVAILABILITY = YES_AGGRESSIVE;
				CLANG_WARN_UNREACHABLE_CODE = YES;
				CLANG_WARN__DUPLICATE_METHOD_MATCH = YES;
				COPY_PHASE_STRIP = NO;
				DEBUG_INFORMATION_FORMAT = dwarf;
				ENABLE_STRICT_OBJC_MSGSEND = YES;
				ENABLE_TESTABILITY = YES;
				GCC_C_LANGUAGE_STANDARD = gnu11;
				GCC_DYNAMIC_NO_PIC = NO;
				GCC_NO_COMMON_BLOCKS = YES;
				GCC_OPTIMIZATION_LEVEL = 0;
				GCC_PREPROCESSOR_DEFINITIONS = (
					"DEBUG=1",
					"$(inherited)",
				);
				GCC_WARN_64_TO_32_BIT_CONVERSION = YES;
				GCC_WARN_ABOUT_RETURN_TYPE = YES_ERROR;
				GCC_WARN_UNDECLARED_SELECTOR = YES;
				GCC_WARN_UNINITIALIZED_AUTOS = YES_AGGRESSIVE;
				GCC_WARN_UNUSED_FUNCTION = YES;
				GCC_WARN_UNUSED_VARIABLE = YES;
				IPHONEOS_DEPLOYMENT_TARGET = 16.4;
				MTL_ENABLE_DEBUG_INFO = INCLUDE_SOURCE;
				MTL_FAST_MATH = YES;
				ONLY_ACTIVE_ARCH = YES;
				SDKROOT = iphoneos;
				SWIFT_ACTIVE_COMPILATION_CONDITIONS = DEBUG;
				SWIFT_OPTIMIZATION_LEVEL = "-Onone";
			};
			name = Debug;
		};
		C24213CB2A7567A70012950B /* Release */ = {
			isa = XCBuildConfiguration;
			buildSettings = {
				ALWAYS_SEARCH_USER_PATHS = NO;
				CLANG_ANALYZER_NONNULL = YES;
				CLANG_ANALYZER_NUMBER_OBJECT_CONVERSION = YES_AGGRESSIVE;
				CLANG_CXX_LANGUAGE_STANDARD = "gnu++20";
				CLANG_ENABLE_MODULES = YES;
				CLANG_ENABLE_OBJC_ARC = YES;
				CLANG_ENABLE_OBJC_WEAK = YES;
				CLANG_WARN_BLOCK_CAPTURE_AUTORELEASING = YES;
				CLANG_WARN_BOOL_CONVERSION = YES;
				CLANG_WARN_COMMA = YES;
				CLANG_WARN_CONSTANT_CONVERSION = YES;
				CLANG_WARN_DEPRECATED_OBJC_IMPLEMENTATIONS = YES;
				CLANG_WARN_DIRECT_OBJC_ISA_USAGE = YES_ERROR;
				CLANG_WARN_DOCUMENTATION_COMMENTS = YES;
				CLANG_WARN_EMPTY_BODY = YES;
				CLANG_WARN_ENUM_CONVERSION = YES;
				CLANG_WARN_INFINITE_RECURSION = YES;
				CLANG_WARN_INT_CONVERSION = YES;
				CLANG_WARN_NON_LITERAL_NULL_CONVERSION = YES;
				CLANG_WARN_OBJC_IMPLICIT_RETAIN_SELF = YES;
				CLANG_WARN_OBJC_LITERAL_CONVERSION = YES;
				CLANG_WARN_OBJC_ROOT_CLASS = YES_ERROR;
				CLANG_WARN_QUOTED_INCLUDE_IN_FRAMEWORK_HEADER = YES;
				CLANG_WARN_RANGE_LOOP_ANALYSIS = YES;
				CLANG_WARN_STRICT_PROTOTYPES = YES;
				CLANG_WARN_SUSPICIOUS_MOVE = YES;
				CLANG_WARN_UNGUARDED_AVAILABILITY = YES_AGGRESSIVE;
				CLANG_WARN_UNREACHABLE_CODE = YES;
				CLANG_WARN__DUPLICATE_METHOD_MATCH = YES;
				COPY_PHASE_STRIP = NO;
				DEBUG_INFORMATION_FORMAT = "dwarf-with-dsym";
				ENABLE_NS_ASSERTIONS = NO;
				ENABLE_STRICT_OBJC_MSGSEND = YES;
				GCC_C_LANGUAGE_STANDARD = gnu11;
				GCC_NO_COMMON_BLOCKS = YES;
				GCC_WARN_64_TO_32_BIT_CONVERSION = YES;
				GCC_WARN_ABOUT_RETURN_TYPE = YES_ERROR;
				GCC_WARN_UNDECLARED_SELECTOR = YES;
				GCC_WARN_UNINITIALIZED_AUTOS = YES_AGGRESSIVE;
				GCC_WARN_UNUSED_FUNCTION = YES;
				GCC_WARN_UNUSED_VARIABLE = YES;
				IPHONEOS_DEPLOYMENT_TARGET = 16.4;
				MTL_ENABLE_DEBUG_INFO = NO;
				MTL_FAST_MATH = YES;
				SDKROOT = iphoneos;
				SWIFT_COMPILATION_MODE = wholemodule;
				SWIFT_OPTIMIZATION_LEVEL = "-O";
				VALIDATE_PRODUCT = YES;
			};
			name = Release;
		};
		C24213CD2A7567A70012950B /* Debug */ = {
			isa = XCBuildConfiguration;
			buildSettings = {
				ASSETCATALOG_COMPILER_APPICON_NAME = AppIcon;
				ASSETCATALOG_COMPILER_GLOBAL_ACCENT_COLOR_NAME = AccentColor;
				CODE_SIGN_STYLE = Automatic;
				CURRENT_PROJECT_VERSION = 1;
				DEVELOPMENT_ASSET_PATHS = "\"Poast/Preview Content\"";
				DEVELOPMENT_TEAM = 57XK7UWHV5;
				ENABLE_PREVIEWS = YES;
				GENERATE_INFOPLIST_FILE = YES;
				INFOPLIST_KEY_UIApplicationSceneManifest_Generation = YES;
				INFOPLIST_KEY_UIApplicationSupportsIndirectInputEvents = YES;
				INFOPLIST_KEY_UILaunchScreen_Generation = YES;
				INFOPLIST_KEY_UISupportedInterfaceOrientations_iPad = "UIInterfaceOrientationPortrait UIInterfaceOrientationPortraitUpsideDown UIInterfaceOrientationLandscapeLeft UIInterfaceOrientationLandscapeRight";
				INFOPLIST_KEY_UISupportedInterfaceOrientations_iPhone = "UIInterfaceOrientationPortrait UIInterfaceOrientationLandscapeLeft UIInterfaceOrientationLandscapeRight";
				LD_RUNPATH_SEARCH_PATHS = (
					"$(inherited)",
					"@executable_path/Frameworks",
				);
				MARKETING_VERSION = 1.0;
				PRODUCT_BUNDLE_IDENTIFIER = com.chead.Poast;
				PRODUCT_NAME = "$(TARGET_NAME)";
				SWIFT_EMIT_LOC_STRINGS = YES;
				SWIFT_VERSION = 5.0;
				TARGETED_DEVICE_FAMILY = "1,2";
			};
			name = Debug;
		};
		C24213CE2A7567A70012950B /* Release */ = {
			isa = XCBuildConfiguration;
			buildSettings = {
				ASSETCATALOG_COMPILER_APPICON_NAME = AppIcon;
				ASSETCATALOG_COMPILER_GLOBAL_ACCENT_COLOR_NAME = AccentColor;
				CODE_SIGN_STYLE = Automatic;
				CURRENT_PROJECT_VERSION = 1;
				DEVELOPMENT_ASSET_PATHS = "\"Poast/Preview Content\"";
				DEVELOPMENT_TEAM = 57XK7UWHV5;
				ENABLE_PREVIEWS = YES;
				GENERATE_INFOPLIST_FILE = YES;
				INFOPLIST_KEY_UIApplicationSceneManifest_Generation = YES;
				INFOPLIST_KEY_UIApplicationSupportsIndirectInputEvents = YES;
				INFOPLIST_KEY_UILaunchScreen_Generation = YES;
				INFOPLIST_KEY_UISupportedInterfaceOrientations_iPad = "UIInterfaceOrientationPortrait UIInterfaceOrientationPortraitUpsideDown UIInterfaceOrientationLandscapeLeft UIInterfaceOrientationLandscapeRight";
				INFOPLIST_KEY_UISupportedInterfaceOrientations_iPhone = "UIInterfaceOrientationPortrait UIInterfaceOrientationLandscapeLeft UIInterfaceOrientationLandscapeRight";
				LD_RUNPATH_SEARCH_PATHS = (
					"$(inherited)",
					"@executable_path/Frameworks",
				);
				MARKETING_VERSION = 1.0;
				PRODUCT_BUNDLE_IDENTIFIER = com.chead.Poast;
				PRODUCT_NAME = "$(TARGET_NAME)";
				SWIFT_EMIT_LOC_STRINGS = YES;
				SWIFT_VERSION = 5.0;
				TARGETED_DEVICE_FAMILY = "1,2";
			};
			name = Release;
		};
		C24213D02A7567A70012950B /* Debug */ = {
			isa = XCBuildConfiguration;
			buildSettings = {
				ALWAYS_EMBED_SWIFT_STANDARD_LIBRARIES = YES;
				BUNDLE_LOADER = "$(TEST_HOST)";
				CODE_SIGN_STYLE = Automatic;
				CURRENT_PROJECT_VERSION = 1;
				DEVELOPMENT_TEAM = 57XK7UWHV5;
				GENERATE_INFOPLIST_FILE = YES;
				IPHONEOS_DEPLOYMENT_TARGET = 16.4;
				MARKETING_VERSION = 1.0;
				PRODUCT_BUNDLE_IDENTIFIER = com.chead.PoastTests;
				PRODUCT_NAME = "$(TARGET_NAME)";
				SWIFT_EMIT_LOC_STRINGS = NO;
				SWIFT_VERSION = 5.0;
				TARGETED_DEVICE_FAMILY = "1,2";
				TEST_HOST = "$(BUILT_PRODUCTS_DIR)/Poast.app/$(BUNDLE_EXECUTABLE_FOLDER_PATH)/Poast";
			};
			name = Debug;
		};
		C24213D12A7567A70012950B /* Release */ = {
			isa = XCBuildConfiguration;
			buildSettings = {
				ALWAYS_EMBED_SWIFT_STANDARD_LIBRARIES = YES;
				BUNDLE_LOADER = "$(TEST_HOST)";
				CODE_SIGN_STYLE = Automatic;
				CURRENT_PROJECT_VERSION = 1;
				DEVELOPMENT_TEAM = 57XK7UWHV5;
				GENERATE_INFOPLIST_FILE = YES;
				IPHONEOS_DEPLOYMENT_TARGET = 16.4;
				MARKETING_VERSION = 1.0;
				PRODUCT_BUNDLE_IDENTIFIER = com.chead.PoastTests;
				PRODUCT_NAME = "$(TARGET_NAME)";
				SWIFT_EMIT_LOC_STRINGS = NO;
				SWIFT_VERSION = 5.0;
				TARGETED_DEVICE_FAMILY = "1,2";
				TEST_HOST = "$(BUILT_PRODUCTS_DIR)/Poast.app/$(BUNDLE_EXECUTABLE_FOLDER_PATH)/Poast";
			};
			name = Release;
		};
		C24213D32A7567A70012950B /* Debug */ = {
			isa = XCBuildConfiguration;
			buildSettings = {
				ALWAYS_EMBED_SWIFT_STANDARD_LIBRARIES = YES;
				CODE_SIGN_STYLE = Automatic;
				CURRENT_PROJECT_VERSION = 1;
				DEVELOPMENT_TEAM = 57XK7UWHV5;
				GENERATE_INFOPLIST_FILE = YES;
				MARKETING_VERSION = 1.0;
				PRODUCT_BUNDLE_IDENTIFIER = com.chead.PoastUITests;
				PRODUCT_NAME = "$(TARGET_NAME)";
				SWIFT_EMIT_LOC_STRINGS = NO;
				SWIFT_VERSION = 5.0;
				TARGETED_DEVICE_FAMILY = "1,2";
				TEST_TARGET_NAME = Poast;
			};
			name = Debug;
		};
		C24213D42A7567A70012950B /* Release */ = {
			isa = XCBuildConfiguration;
			buildSettings = {
				ALWAYS_EMBED_SWIFT_STANDARD_LIBRARIES = YES;
				CODE_SIGN_STYLE = Automatic;
				CURRENT_PROJECT_VERSION = 1;
				DEVELOPMENT_TEAM = 57XK7UWHV5;
				GENERATE_INFOPLIST_FILE = YES;
				MARKETING_VERSION = 1.0;
				PRODUCT_BUNDLE_IDENTIFIER = com.chead.PoastUITests;
				PRODUCT_NAME = "$(TARGET_NAME)";
				SWIFT_EMIT_LOC_STRINGS = NO;
				SWIFT_VERSION = 5.0;
				TARGETED_DEVICE_FAMILY = "1,2";
				TEST_TARGET_NAME = Poast;
			};
			name = Release;
		};
/* End XCBuildConfiguration section */

/* Begin XCConfigurationList section */
		C242139E2A7567A40012950B /* Build configuration list for PBXProject "Poast" */ = {
			isa = XCConfigurationList;
			buildConfigurations = (
				C24213CA2A7567A70012950B /* Debug */,
				C24213CB2A7567A70012950B /* Release */,
			);
			defaultConfigurationIsVisible = 0;
			defaultConfigurationName = Release;
		};
		C24213CC2A7567A70012950B /* Build configuration list for PBXNativeTarget "Poast" */ = {
			isa = XCConfigurationList;
			buildConfigurations = (
				C24213CD2A7567A70012950B /* Debug */,
				C24213CE2A7567A70012950B /* Release */,
			);
			defaultConfigurationIsVisible = 0;
			defaultConfigurationName = Release;
		};
		C24213CF2A7567A70012950B /* Build configuration list for PBXNativeTarget "PoastTests" */ = {
			isa = XCConfigurationList;
			buildConfigurations = (
				C24213D02A7567A70012950B /* Debug */,
				C24213D12A7567A70012950B /* Release */,
			);
			defaultConfigurationIsVisible = 0;
			defaultConfigurationName = Release;
		};
		C24213D22A7567A70012950B /* Build configuration list for PBXNativeTarget "PoastUITests" */ = {
			isa = XCConfigurationList;
			buildConfigurations = (
				C24213D32A7567A70012950B /* Debug */,
				C24213D42A7567A70012950B /* Release */,
			);
			defaultConfigurationIsVisible = 0;
			defaultConfigurationName = Release;
		};
/* End XCConfigurationList section */

/* Begin XCVersionGroup section */
		C24213B12A7567A60012950B /* Poast.xcdatamodeld */ = {
			isa = XCVersionGroup;
			children = (
				C24213B22A7567A60012950B /* Poast.xcdatamodel */,
			);
			currentVersion = C24213B22A7567A60012950B /* Poast.xcdatamodel */;
			path = Poast.xcdatamodeld;
			sourceTree = "<group>";
			versionGroupType = wrapper.xcdatamodel;
		};
/* End XCVersionGroup section */
	};
	rootObject = C242139B2A7567A40012950B /* Project object */;
}
